<?xml version="1.0" encoding="utf-8"?>
<Project ToolsVersion="4.0" xmlns="http://schemas.microsoft.com/developer/msbuild/2003">
  <ItemGroup>
    <Filter Include="Source Files">
      <UniqueIdentifier>{4FC737F1-C7A5-4376-A066-2A32D752A2FF}</UniqueIdentifier>
      <Extensions>cpp;c;cc;cxx;def;odl;idl;hpj;bat;asm;asmx</Extensions>
    </Filter>
    <Filter Include="Header Files">
      <UniqueIdentifier>{93995380-89BD-4b04-88EB-625FBE52EBFB}</UniqueIdentifier>
      <Extensions>h;hpp;hxx;hm;inl;inc;xsd</Extensions>
    </Filter>
    <Filter Include="Resource Files">
      <UniqueIdentifier>{67DA6AB6-F800-4c08-8B7A-83BB121AAD01}</UniqueIdentifier>
      <Extensions>rc;ico;cur;bmp;dlg;rc2;rct;bin;rgs;gif;jpg;jpeg;jpe;resx;tiff;tif;png;wav;mfcribbon-ms</Extensions>
    </Filter>
  </ItemGroup>
  <ItemGroup>
    <ClCompile Include="archive.cpp">
      <Filter>Source Files</Filter>
    </ClCompile>
    <ClCompile Include="attr.cpp">
      <Filter>Source Files</Filter>
    </ClCompile>
    <ClCompile Include="cmdline.cpp">
      <Filter>Source Files</Filter>
    </ClCompile>
    <ClCompile Include="common.cpp">
      <Filter>Source Files</Filter>
    </ClCompile>
    <ClCompile Include="delete.cpp">
      <Filter>Source Files</Filter>
    </ClCompile>
    <ClCompile Include="extract.cpp">
      <Filter>Source Files</Filter>
    </ClCompile>
    <ClCompile Include="farutils.cpp">
      <Filter>Source Files</Filter>
    </ClCompile>
    <ClCompile Include="headers.cpp">
      <Filter>Source Files</Filter>
    </ClCompile>
    <ClCompile Include="msearch.cpp">
      <Filter>Source Files</Filter>
    </ClCompile>
    <ClCompile Include="open.cpp">
      <Filter>Source Files</Filter>
    </ClCompile>
    <ClCompile Include="options.cpp">
      <Filter>Source Files</Filter>
    </ClCompile>
    <ClCompile Include="pathutils.cpp">
      <Filter>Source Files</Filter>
    </ClCompile>
    <ClCompile Include="plugin.cpp">
      <Filter>Source Files</Filter>
    </ClCompile>
    <ClCompile Include="rsrc.cpp">
      <Filter>Source Files</Filter>
    </ClCompile>
    <ClCompile Include="sfx.cpp">
      <Filter>Source Files</Filter>
    </ClCompile>
    <ClCompile Include="SimpleXML.cpp">
      <Filter>Source Files</Filter>
    </ClCompile>
    <ClCompile Include="strutils.cpp">
      <Filter>Source Files</Filter>
    </ClCompile>
    <ClCompile Include="sysutils.cpp">
      <Filter>Source Files</Filter>
    </ClCompile>
    <ClCompile Include="test.cpp">
      <Filter>Source Files</Filter>
    </ClCompile>
    <ClCompile Include="ui.cpp">
      <Filter>Source Files</Filter>
    </ClCompile>
    <ClCompile Include="update.cpp">
      <Filter>Source Files</Filter>
    </ClCompile>
    <ClCompile Include="Patch7zCP.cpp">
      <Filter>Source Files</Filter>
    </ClCompile>
    <ClCompile Include="..\common\vc_crt_fix_impl.cpp">
      <Filter>Source Files</Filter>
    </ClCompile>
  </ItemGroup>
  <ItemGroup>
    <ClInclude Include="archive.hpp">
      <Filter>Header Files</Filter>
    </ClInclude>
    <ClInclude Include="cmdline.hpp">
      <Filter>Header Files</Filter>
    </ClInclude>
    <ClInclude Include="common.hpp">
      <Filter>Header Files</Filter>
    </ClInclude>
    <ClInclude Include="comutils.hpp">
      <Filter>Header Files</Filter>
    </ClInclude>
    <ClInclude Include="error.hpp">
      <Filter>Header Files</Filter>
    </ClInclude>
    <ClInclude Include="farutils.hpp">
      <Filter>Header Files</Filter>
    </ClInclude>
    <ClInclude Include="guids.hpp">
      <Filter>Header Files</Filter>
    </ClInclude>
    <ClInclude Include="headers.hpp">
      <Filter>Header Files</Filter>
    </ClInclude>
    <ClInclude Include="msearch.hpp">
      <Filter>Header Files</Filter>
    </ClInclude>
    <ClInclude Include="options.hpp">
      <Filter>Header Files</Filter>
    </ClInclude>
    <ClInclude Include="SimpleXML.hpp">
      <Filter>Header Files</Filter>
    </ClInclude>
    <ClInclude Include="sysutils.hpp">
      <Filter>Header Files</Filter>
    </ClInclude>
    <ClInclude Include="ui.hpp">
      <Filter>Header Files</Filter>
    </ClInclude>
    <ClInclude Include="utils.hpp">
      <Filter>Header Files</Filter>
    </ClInclude>
    <ClInclude Include="plugin_h.h">
      <Filter>Header Files</Filter>
    </ClInclude>
  </ItemGroup>
  <ItemGroup>
    <None Include="arclite_eng.hlf">
      <Filter>Resource Files</Filter>
    </None>
    <None Include="arclite_rus.hlf">
      <Filter>Resource Files</Filter>
    </None>
    <None Include="arclite_pol.hlf">
      <Filter>Resource Files</Filter>
    </None>
    <None Include="changelog">
      <Filter>arclite.xml</Filter>
    </None>
    <None Include="changelog">
      <Filter>Resource Files</Filter>
    </None>
    <None Include="bel.msg">
      <Filter>Resource Files</Filter>
    </None>
    <None Include="eng.msg">
      <Filter>Resource Files</Filter>
    </None>
    <None Include="ita.msg">
      <Filter>Resource Files</Filter>
    </None>
    <None Include="pol.msg">
      <Filter>Resource Files</Filter>
    </None>
    <None Include="makefile_vc">
      <Filter>Resource Files</Filter>
    </None>
    <None Include="plugin.def">
      <Filter>Resource Files</Filter>
    </None>
    <None Include="project.ini">
      <Filter>Resource Files</Filter>
    </None>
    <None Include="rus.msg">
      <Filter>Resource Files</Filter>
    </None>
    <None Include="spa.msg">
      <Filter>Resource Files</Filter>
    </None>
    <None Include="..\common\vc_crt_fix.asm">
      <Filter>Source Files</Filter>
    </None>
  </ItemGroup>
  <ItemGroup>
    <ResourceCompile Include="version.rc">
      <Filter>Resource Files</Filter>
    </ResourceCompile>
  </ItemGroup>
</Project>