<?xml version="1.0" encoding="utf-8"?>
<Project ToolsVersion="4.0" xmlns="http://schemas.microsoft.com/developer/msbuild/2003">
  <ItemGroup>
    <Filter Include="Source Files">
      <UniqueIdentifier>{4FC737F1-C7A5-4376-A066-2A32D752A2FF}</UniqueIdentifier>
      <Extensions>cpp;c;cc;cxx;def;odl;idl;hpj;bat;asm;asmx</Extensions>
    </Filter>
    <Filter Include="Header Files">
      <UniqueIdentifier>{93995380-89BD-4b04-88EB-625FBE52EBFB}</UniqueIdentifier>
      <Extensions>h;hpp;hxx;hm;inl;inc;xsd</Extensions>
    </Filter>
    <Filter Include="Resource Files">
      <UniqueIdentifier>{67DA6AB6-F800-4c08-8B7A-83BB121AAD01}</UniqueIdentifier>
      <Extensions>rc;ico;cur;bmp;dlg;rc2;rct;bin;rgs;gif;jpg;jpeg;jpe;resx;tiff;tif;png;wav</Extensions>
    </Filter>
    <Filter Include="Language Files">
      <UniqueIdentifier>{2a266b31-140d-403f-ae00-6fe11fea33c9}</UniqueIdentifier>
    </Filter>
    <Filter Include="Help Files">
      <UniqueIdentifier>{8389eecf-1f93-4e1a-a73b-ce9326aa5ee1}</UniqueIdentifier>
    </Filter>
  </ItemGroup>
  <ItemGroup>
    <ClCompile Include="arccfg.cpp">
      <Filter>Source Files</Filter>
    </ClCompile>
    <ClCompile Include="arccmd.cpp">
      <Filter>Source Files</Filter>
    </ClCompile>
    <ClCompile Include="arcget.cpp">
      <Filter>Source Files</Filter>
    </ClCompile>
    <ClCompile Include="ArcMix.cpp">
      <Filter>Source Files</Filter>
    </ClCompile>
    <ClCompile Include="ArcPlg.cpp">
      <Filter>Source Files</Filter>
    </ClCompile>
    <ClCompile Include="ArcProc.cpp">
      <Filter>Source Files</Filter>
    </ClCompile>
    <ClCompile Include="arcput.cpp">
      <Filter>Source Files</Filter>
    </ClCompile>
    <ClCompile Include="arcread.cpp">
      <Filter>Source Files</Filter>
    </ClCompile>
    <ClCompile Include="arcreg.cpp">
      <Filter>Source Files</Filter>
    </ClCompile>
    <ClCompile Include="global.cpp">
      <Filter>Source Files</Filter>
    </ClCompile>
    <ClCompile Include="MultiArc.cpp">
      <Filter>Source Files</Filter>
    </ClCompile>
    <ClCompile Include="..\common\vc_crt_fix_impl.cpp">
      <Filter>Source Files</Filter>
    </ClCompile>
  </ItemGroup>
  <ItemGroup>
    <MASM Include="..\common\vc_crt_fix.asm">
      <Filter>Source Files</Filter>
    </MASM>
  </ItemGroup>
  <ItemGroup>
    <None Include="multiarc.vc.def">
      <Filter>Source Files</Filter>
    </None>
    <None Include="changelog" />
  </ItemGroup>
  <ItemGroup>
    <ClInclude Include="fmt.hpp">
      <Filter>Header Files</Filter>
    </ClInclude>
    <ClInclude Include="marclng.hpp">
      <Filter>Header Files</Filter>
    </ClInclude>
    <ClInclude Include="MultiArc.hpp">
      <Filter>Header Files</Filter>
    </ClInclude>
    <ClInclude Include="multiarcversion.hpp">
      <Filter>Header Files</Filter>
    </ClInclude>
  </ItemGroup>
  <ItemGroup>
    <ResourceCompile Include="multiarc.rc">
      <Filter>Resource Files</Filter>
    </ResourceCompile>
  </ItemGroup>
  <ItemGroup>
    <CustomBuild Include="arcbel.lng">
      <Filter>Language Files</Filter>
    </CustomBuild>
    <CustomBuild Include="arceng.lng">
      <Filter>Language Files</Filter>
    </CustomBuild>
    <CustomBuild Include="arcrus.lng">
      <Filter>Language Files</Filter>
    </CustomBuild>
    <CustomBuild Include="arcspa.lng">
      <Filter>Language Files</Filter>
    </CustomBuild>
    <CustomBuild Include="arcita.lng">
      <Filter>Language Files</Filter>
    </CustomBuild>
    <CustomBuild Include="arceng.hlf">
      <Filter>Help Files</Filter>
    </CustomBuild>
    <CustomBuild Include="arcrus.hlf">
      <Filter>Help Files</Filter>
    </CustomBuild>
  </ItemGroup>
</Project>