<?xml version="1.0" encoding="utf-8"?>
<Project ToolsVersion="4.0" xmlns="http://schemas.microsoft.com/developer/msbuild/2003">
  <ItemGroup>
    <Filter Include="Source Files">
      <UniqueIdentifier>{4FC737F1-C7A5-4376-A066-2A32D752A2FF}</UniqueIdentifier>
      <Extensions>cpp;c;cc;cxx;def;odl;idl;hpj;bat;asm;asmx</Extensions>
    </Filter>
    <Filter Include="Header Files">
      <UniqueIdentifier>{93995380-89BD-4b04-88EB-625FBE52EBFB}</UniqueIdentifier>
      <Extensions>h;hpp;hxx;hm;inl;inc;xsd</Extensions>
    </Filter>
    <Filter Include="Resource Files">
      <UniqueIdentifier>{67DA6AB6-F800-4c08-8B7A-83BB121AAD01}</UniqueIdentifier>
      <Extensions>rc;ico;cur;bmp;dlg;rc2;rct;bin;rgs;gif;jpg;jpeg;jpe;resx;tiff;tif;png;wav</Extensions>
    </Filter>
    <Filter Include="Language Files">
      <UniqueIdentifier>{6de00b3e-19c1-441f-9429-c0c70fe29725}</UniqueIdentifier>
    </Filter>
    <Filter Include="Help Files">
      <UniqueIdentifier>{54a61ea6-f554-4438-905f-ee5fbb2f2980}</UniqueIdentifier>
    </Filter>
  </ItemGroup>
  <ItemGroup>
    <ClCompile Include="NetCfg.cpp">
      <Filter>Source Files</Filter>
    </ClCompile>
    <ClCompile Include="NetClass.cpp">
      <Filter>Source Files</Filter>
    </ClCompile>
    <ClCompile Include="NetCommon.cpp">
      <Filter>Source Files</Filter>
    </ClCompile>
    <ClCompile Include="NetFavorites.cpp">
      <Filter>Source Files</Filter>
    </ClCompile>
    <ClCompile Include="NetMix.cpp">
      <Filter>Source Files</Filter>
    </ClCompile>
    <ClCompile Include="Network.cpp">
      <Filter>Source Files</Filter>
    </ClCompile>
  </ItemGroup>
  <ItemGroup>
    <None Include="Network.vc.def">
      <Filter>Source Files</Filter>
    </None>
    <None Include="NetworkW.vc.def">
      <Filter>Source Files</Filter>
    </None>
    <None Include="changelog" />
  </ItemGroup>
  <ItemGroup>
    <ClInclude Include="NetCfg.hpp">
      <Filter>Header Files</Filter>
    </ClInclude>
    <ClInclude Include="NetClass.hpp">
      <Filter>Header Files</Filter>
    </ClInclude>
    <ClInclude Include="NetCommon.hpp">
      <Filter>Header Files</Filter>
    </ClInclude>
    <ClInclude Include="NetFavorites.hpp">
      <Filter>Header Files</Filter>
    </ClInclude>
    <ClInclude Include="NetLng.hpp">
      <Filter>Header Files</Filter>
    </ClInclude>
    <ClInclude Include="NetMacros.hpp">
      <Filter>Header Files</Filter>
    </ClInclude>
    <ClInclude Include="NetReg.hpp">
      <Filter>Header Files</Filter>
    </ClInclude>
    <ClInclude Include="Network.hpp">
      <Filter>Header Files</Filter>
    </ClInclude>
    <ClInclude Include="guid.hpp">
      <Filter>Header Files</Filter>
    </ClInclude>
    <ClInclude Include="version.hpp">
      <Filter>Header Files</Filter>
    </ClInclude>
  </ItemGroup>
  <ItemGroup>
    <ResourceCompile Include="Network.rc">
      <Filter>Resource Files</Filter>
    </ResourceCompile>
  </ItemGroup>
  <ItemGroup>
    <CustomBuild Include="NetEng.lng">
      <Filter>Language Files</Filter>
    </CustomBuild>
    <CustomBuild Include="NetRus.lng">
      <Filter>Language Files</Filter>
    </CustomBuild>
    <CustomBuild Include="NetSky.lng">
      <Filter>Language Files</Filter>
    </CustomBuild>
    <CustomBuild Include="NetEng.hlf">
      <Filter>Help Files</Filter>
    </CustomBuild>
    <CustomBuild Include="NetRus.hlf">
      <Filter>Help Files</Filter>
    </CustomBuild>
  </ItemGroup>
</Project>