<?xml version="1.0" encoding="utf-8"?>
<Project ToolsVersion="15.0" xmlns="http://schemas.microsoft.com/developer/msbuild/2003">
  <ItemGroup>
    <Filter Include="Source Files">
      <UniqueIdentifier>{4FC737F1-C7A5-4376-A066-2A32D752A2FF}</UniqueIdentifier>
      <Extensions>cpp;c;cc;cxx;def;odl;idl;hpj;bat;asm;asmx</Extensions>
    </Filter>
    <Filter Include="Header Files">
      <UniqueIdentifier>{93995380-89BD-4b04-88EB-625FBE52EBFB}</UniqueIdentifier>
      <Extensions>h;hpp;hxx;hm;inl;inc;xsd</Extensions>
    </Filter>
    <Filter Include="Resource Files">
      <UniqueIdentifier>{67DA6AB6-F800-4c08-8B7A-83BB121AAD01}</UniqueIdentifier>
      <Extensions>rc;ico;cur;bmp;dlg;rc2;rct;bin;rgs;gif;jpg;jpeg;jpe;resx;tiff;tif;png;wav</Extensions>
    </Filter>
    <Filter Include="Language Files">
      <UniqueIdentifier>{0329377-fe44-4d7b-833d-cbd2efecd35a}</UniqueIdentifier>
      <Extensions>lng</Extensions>
    </Filter>
    <Filter Include="Help Files">
      <UniqueIdentifier>{9b8726bd-d9c1-416c-8039-5e686cf23409}</UniqueIdentifier>
      <Extensions>hlf</Extensions>
    </Filter>
    <Filter Include="Lua Files">
      <UniqueIdentifier>{83777BB8-EFFB-4DAE-B725-B2489A60BE52}</UniqueIdentifier>
      <Extensions>lua</Extensions>
    </Filter>
    <Filter Include="Configuration Files">
      <UniqueIdentifier>{D2B7A990-2418-447E-B615-BCEC9A202D5C}</UniqueIdentifier>
      <Extensions>farconfig;ini</Extensions>
    </Filter>
  </ItemGroup>

  <ItemGroup>
    <ClCompile Include="*.cpp">
      <Filter>Source Files</Filter>
    </ClCompile>
    <ClInclude Include="*.hpp">
      <Filter>Header Files</Filter>
    </ClInclude>
    <ResourceCompile Include="*.rc">
      <Filter>Resource Files</Filter>
    </ResourceCompile>
    <CopyFileToFolders Include="*.lng">
      <Filter>Language Files</Filter>
    </CopyFileToFolders>
    <CopyFileToFolders Include="*.hlf">
      <Filter>Help Files</Filter>
    </CopyFileToFolders>
    <CopyFileToFolders Include="*.lua">
      <Filter>Lua Files</Filter>
    </CopyFileToFolders>
    <CopyFileToFolders Include="*.farconfig">
      <Filter>Configuration Files</Filter>
    </CopyFileToFolders>
    <CopyFileToFolders Include="*.ini">
      <Filter>Configuration Files</Filter>
    </CopyFileToFolders>
    <CopyFileToFolders Include="*.xml">
      <Filter>Configuration Files</Filter>
    </CopyFileToFolders>
    <None Include="*.def">
      <Filter>Source Files</Filter>
    </None>
    <None Include="changelog" />
  </ItemGroup>
</Project>