<?xml version="1.0" encoding="utf-8"?>
<Project ToolsVersion="4.0" xmlns="http://schemas.microsoft.com/developer/msbuild/2003">
  <ItemGroup>
    <Filter Include="Source Files">
      <UniqueIdentifier>{F74A426D-EEBC-4509-9BB5-F5B5F135652A}</UniqueIdentifier>
      <Extensions>cpp;c;cc;cxx;def;odl;idl;hpj;bat;asm;asmx</Extensions>
    </Filter>
    <Filter Include="Header Files">
      <UniqueIdentifier>{B691B3F9-B87F-4C38-9F11-B433D4EC742F}</UniqueIdentifier>
      <Extensions>h;hpp;hxx;hm;inl;inc;xsd</Extensions>
    </Filter>
    <Filter Include="Resource Files">
      <UniqueIdentifier>{22872EB5-DF04-4664-AD2E-2C084B072F0E}</UniqueIdentifier>
      <Extensions>rc;ico;cur;bmp;dlg;rc2;rct;bin;rgs;gif;jpg;jpeg;jpe;resx;tiff;tif;png;wav;mfcribbon-ms</Extensions>
    </Filter>
  </ItemGroup>
  <ItemGroup>
    <ClCompile Include="luafar\luaplug.c">
      <Filter>Source Files</Filter>
    </ClCompile>
    <ClCompile Include="..\common\vc_crt_fix_impl.cpp">
      <Filter>Source Files</Filter>
    </ClCompile>
  </ItemGroup>
  <ItemGroup>
    <ClInclude Include="luasdk\include\lua.h">
      <Filter>Header Files</Filter>
    </ClInclude>
    <ClInclude Include="luafar\luafar.h">
      <Filter>Header Files</Filter>
    </ClInclude>
    <ClInclude Include="luafar\version.h">
      <Filter>Header Files</Filter>
    </ClInclude>
    <ClInclude Include="luasdk\include\lauxlib.h">
      <Filter>Header Files</Filter>
    </ClInclude>
    <ClInclude Include="luasdk\include\lualib.h">
      <Filter>Header Files</Filter>
    </ClInclude>
  </ItemGroup>
  <ItemGroup>
    <MASM Include="..\common\vc_crt_fix.asm">
      <Filter>Source Files</Filter>
    </MASM>
  </ItemGroup>
  <ItemGroup>
    <ResourceCompile Include="luamacro.rc">
      <Filter>Resource Files</Filter>
    </ResourceCompile>
  </ItemGroup>
  <ItemGroup>
    <CustomBuild Include="lm_bel.lng">
      <Filter>Language Files</Filter>
    </CustomBuild>
    <CustomBuild Include="lm_eng.lng">
      <Filter>Language Files</Filter>
    </CustomBuild>
    <CustomBuild Include="lm_rus.lng">
      <Filter>Language Files</Filter>
    </CustomBuild>
    <CustomBuild Include="lm_sky.lng">
      <Filter>Language Files</Filter>
    </CustomBuild>
    <CustomBuild Include="lm_spa.lng">
      <Filter>Language Files</Filter>
    </CustomBuild>
    <CustomBuild Include="lm_ita.lng">
      <Filter>Language Files</Filter>
    </CustomBuild>
    <CustomBuild Include="lm_pol.lng">
      <Filter>Language Files</Filter>
    </CustomBuild>
  </ItemGroup>
  <ItemGroup>
    <None Include="luamacroW.vc.def">
      <Filter>Source Files</Filter>
    </None>
  </ItemGroup>
</Project>