
Microsoft Visual Studio Solution File, Format Version 11.00
# Visual Studio 2010
Project("{2150E333-8FDC-42A3-9474-1A3956D46DE8}") = "MultiArc_all", "MultiArc_all", "{BACEBE7C-6993-4AA7-9667-CF4049EA4EF2}"
EndProject
Project("{2150E333-8FDC-42A3-9474-1A3956D46DE8}") = "Formats", "Formats", "{8A81CE3C-B2EA-48AF-99DF-1C08A8AB08D0}"
EndProject
Project("{2150E333-8FDC-42A3-9474-1A3956D46DE8}") = "CRT_all", "CRT_all", "{DBEA9EC3-3A66-4E5A-BFE9-46C82602C196}"
EndProject
Project("{2150E333-8FDC-42A3-9474-1A3956D46DE8}") = "custom_all", "custom_all", "{CE97C32F-803C-47C0-909E-D6C09A1DCEF7}"
EndProject
Project("{2150E333-8FDC-42A3-9474-1A3956D46DE8}") = "Ftp_all", "Ftp_all", "{778DE947-6D4D-40AB-AECB-C670DDCF5B1A}"
EndProject
Project("{2150E333-8FDC-42A3-9474-1A3956D46DE8}") = "lib", "lib", "{44774605-02E7-48B8-AB47-13AEBB4FF466}"
EndProject
Project("{8BC9CEB8-8B4A-11D0-8D11-00A0C91BC942}") = "CRT_wide", "common\CRT\crt_wide.vcxproj", "{D50C8C1E-6148-4C36-9EB7-9AF2056D97F4}"
EndProject
Project("{8BC9CEB8-8B4A-11D0-8D11-00A0C91BC942}") = "CRT", "common\CRT\crt.vcxproj", "{D9387B45-34A6-4CB6-A1B0-563E3480CFF9}"
EndProject
Project("{8BC9CEB8-8B4A-11D0-8D11-00A0C91BC942}") = "align", "align\align.vcxproj", "{D9387B45-34A6-4CB6-A1B0-563E3480CFF8}"
EndProject
Project("{8BC9CEB8-8B4A-11D0-8D11-00A0C91BC942}") = "AutoWrap", "autowrap\AutoWrap.vcxproj", "{370CE5BD-B4C8-4817-B3A1-5B461B4A408D}"
EndProject
Project("{8BC9CEB8-8B4A-11D0-8D11-00A0C91BC942}") = "Brackets", "brackets\Brackets.vcxproj", "{A0CB9F6A-2E43-45E0-B57F-0BF483A14160}"
EndProject
Project("{8BC9CEB8-8B4A-11D0-8D11-00A0C91BC942}") = "Compare", "compare\compare.vcxproj", "{C4064D6C-AA3F-4C71-B78D-F406929EE036}"
EndProject
Project("{8BC9CEB8-8B4A-11D0-8D11-00A0C91BC942}") = "DrawLine", "drawline\DrawLine.vcxproj", "{412F0B80-AB59-4D2A-90C8-16C06EE1B77C}"
EndProject
Project("{8BC9CEB8-8B4A-11D0-8D11-00A0C91BC942}") = "EditCase", "editcase\EditCase.vcxproj", "{56007C20-ADD8-4E2A-AB8F-BEB832F94802}"
EndProject
Project("{8BC9CEB8-8B4A-11D0-8D11-00A0C91BC942}") = "EMenu", "emenu\EMenu.vcxproj", "{F49B5724-0420-46A9-A3F4-647C5722031C}"
EndProject
Project("{8BC9CEB8-8B4A-11D0-8D11-00A0C91BC942}") = "FARCmds", "farcmds\FARCmds.vcxproj", "{C87BBC63-9CA9-4421-8589-5FFDEB000361}"
EndProject
Project("{8BC9CEB8-8B4A-11D0-8D11-00A0C91BC942}") = "FileCase", "filecase\FileCase.vcxproj", "{CC7215CC-15E2-48CF-ABAB-294E9600B22E}"
EndProject
Project("{8BC9CEB8-8B4A-11D0-8D11-00A0C91BC942}") = "HlfViewer", "hlfviewer\HlfViewer.vcxproj", "{5E4E3EE1-7D35-4BAE-BF4A-A68ABFFCF876}"
EndProject
Project("{8BC9CEB8-8B4A-11D0-8D11-00A0C91BC942}") = "MacroView", "macroview\MacroView.vcxproj", "{0EAC9823-C1CC-42AE-B09A-5FD5C66F0D3B}"
EndProject
Project("{8BC9CEB8-8B4A-11D0-8D11-00A0C91BC942}") = "Network", "network\Network.vcxproj", "{731A85E7-6D1F-48BD-A520-4C8DFEC2F6F3}"
EndProject
Project("{8BC9CEB8-8B4A-11D0-8D11-00A0C91BC942}") = "ProcList", "proclist\ProcList.vcxproj", "{1F12132B-4424-48C4-8B9C-B10E8AEDE9C7}"
EndProject
Project("{8BC9CEB8-8B4A-11D0-8D11-00A0C91BC942}") = "TmpPanel", "tmppanel\TmpPanel.vcxproj", "{B40A055F-5616-4001-B4C0-3DAF156B168C}"
EndProject
Project("{8BC9CEB8-8B4A-11D0-8D11-00A0C91BC942}") = "MultiArc", "multiarc\MultiArc.vcxproj", "{7EF4D5DD-4136-42AB-893B-BE75B63A2217}"
EndProject
Project("{8BC9CEB8-8B4A-11D0-8D11-00A0C91BC942}") = "rar", "multiarc\rar.vcxproj", "{C8DC84FC-A2D1-4D0E-9150-BF62C87BC603}"
EndProject
Project("{8BC9CEB8-8B4A-11D0-8D11-00A0C91BC942}") = "zip", "multiarc\zip.vcxproj", "{8E23ED24-ECD7-4950-8230-9FF7C6C684C4}"
EndProject
Project("{8BC9CEB8-8B4A-11D0-8D11-00A0C91BC942}") = "cab", "multiarc\cab.vcxproj", "{797917B6-C8C8-4D0A-A417-407894FECC97}"
EndProject
Project("{8BC9CEB8-8B4A-11D0-8D11-00A0C91BC942}") = "ace", "multiarc\ace.vcxproj", "{A0C8BA6C-C2B8-4AF0-A4CF-AABFE0F2DF97}"
EndProject
Project("{8BC9CEB8-8B4A-11D0-8D11-00A0C91BC942}") = "arc", "multiarc\arc.vcxproj", "{ED958D37-DAE2-4CA1-98AE-7C310DB3BC72}"
EndProject
Project("{8BC9CEB8-8B4A-11D0-8D11-00A0C91BC942}") = "arj", "multiarc\arj.vcxproj", "{CA4796B8-EE04-40C9-A1DE-4A6645856E6F}"
EndProject
Project("{8BC9CEB8-8B4A-11D0-8D11-00A0C91BC942}") = "ha", "multiarc\ha.vcxproj", "{F208D520-150C-4E92-8DFE-80D44E04162A}"
EndProject
Project("{8BC9CEB8-8B4A-11D0-8D11-00A0C91BC942}") = "lzh", "multiarc\lzh.vcxproj", "{FDE27834-8CD2-45A3-8A7C-95F0525E3BF9}"
EndProject
Project("{8BC9CEB8-8B4A-11D0-8D11-00A0C91BC942}") = "targz", "multiarc\targz.vcxproj", "{940E6B05-35E5-4FF2-BFB1-238FE6056069}"
EndProject
Project("{8BC9CEB8-8B4A-11D0-8D11-00A0C91BC942}") = "custom", "multiarc\custom.vcxproj", "{9CF69DBB-650D-4423-8FD2-D291A71B6CC9}"
EndProject
Project("{8BC9CEB8-8B4A-11D0-8D11-00A0C91BC942}") = "pcre", "multiarc\libpcre\pcre.vcxproj", "{50FCE411-DA6E-432A-8224-265D52D09058}"
EndProject
Project("{8BC9CEB8-8B4A-11D0-8D11-00A0C91BC942}") = "HelloWorld", "helloworld\HelloWorld.vcxproj", "{A0EEDB6F-87F0-459A-94FF-C683CE2CE8C1}"
EndProject
Project("{8BC9CEB8-8B4A-11D0-8D11-00A0C91BC942}") = "DirList", "ftp\DirList.vcxproj", "{4ADCDBAB-CB02-4888-84AE-F9832323495D}"
	ProjectSection(ProjectDependencies) = postProject
		{6A6E122A-4151-4AF2-BBCB-2B4603CF029F} = {6A6E122A-4151-4AF2-BBCB-2B4603CF029F}
	EndProjectSection
EndProject
Project("{8BC9CEB8-8B4A-11D0-8D11-00A0C91BC942}") = "Notify", "ftp\Notify.vcxproj", "{4ADCDBAF-CB02-4888-84AE-F9832323495D}"
	ProjectSection(ProjectDependencies) = postProject
		{6A6E122A-4151-4AF2-BBCB-2B4603CF029F} = {6A6E122A-4151-4AF2-BBCB-2B4603CF029F}
	EndProjectSection
EndProject
Project("{8BC9CEB8-8B4A-11D0-8D11-00A0C91BC942}") = "Progress", "ftp\Progress.vcxproj", "{4ADCDBAE-CB02-4888-84AE-F9832323495D}"
	ProjectSection(ProjectDependencies) = postProject
		{6A6E122A-4151-4AF2-BBCB-2B4603CF029F} = {6A6E122A-4151-4AF2-BBCB-2B4603CF029F}
	EndProjectSection
EndProject
Project("{8BC9CEB8-8B4A-11D0-8D11-00A0C91BC942}") = "ftp", "ftp\ftp.vcxproj", "{8DB0251E-F83F-4626-A50D-4F3295FA8753}"
EndProject
Project("{8BC9CEB8-8B4A-11D0-8D11-00A0C91BC942}") = "FARStdlib", "ftp\FARStdlib.vcxproj", "{6A6E122A-4151-4AF2-BBCB-2B4603CF029F}"
EndProject
Project("{2150E333-8FDC-42A3-9474-1A3956D46DE8}") = "Solution Items", "Solution Items", "{9E573DF4-EF83-4DCC-82A1-A10BA3A1D2E8}"
	ProjectSection(SolutionItems) = preProject
		changelog = changelog
	EndProjectSection
EndProject
Project("{8BC9CEB8-8B4A-11D0-8D11-00A0C91BC942}") = "arclite", "arclite\arclite.vcxproj", "{38CF1530-243C-4C81-9B0E-DCA51551AC81}"
EndProject
Project("{2150E333-8FDC-42A3-9474-1A3956D46DE8}") = "arclite_all", "arclite_all", "{49398389-E2E4-4E36-9F65-50417EAB8E59}"
EndProject
Project("{8BC9CEB8-8B4A-11D0-8D11-00A0C91BC942}") = "example", "arclite\example\example.vcxproj", "{A39C2D17-4730-4C13-A2BE-8C012616E771}"
EndProject
Project("{8BC9CEB8-8B4A-11D0-8D11-00A0C91BC942}") = "luafar3", "luamacro\luafar3.vcxproj", "{9FF87075-F1E1-410B-818C-2823396FE24F}"
EndProject
Project("{8BC9CEB8-8B4A-11D0-8D11-00A0C91BC942}") = "luamacro", "luamacro\luamacro.vcxproj", "{06BE01E6-7DC0-4D83-877C-B7ADE32175F8}"
EndProject
Global
	GlobalSection(SolutionConfigurationPlatforms) = preSolution
		Debug|Itanium = Debug|Itanium
		Debug|Win32 = Debug|Win32
		Debug|x64 = Debug|x64
		Release|Itanium = Release|Itanium
		Release|Win32 = Release|Win32
		Release|x64 = Release|x64
	EndGlobalSection
	GlobalSection(ProjectConfigurationPlatforms) = postSolution
		{D50C8C1E-6148-4C36-9EB7-9AF2056D97F4}.Debug|Itanium.ActiveCfg = Release|Itanium
		{D50C8C1E-6148-4C36-9EB7-9AF2056D97F4}.Debug|Itanium.Build.0 = Release|Itanium
		{D50C8C1E-6148-4C36-9EB7-9AF2056D97F4}.Debug|Win32.ActiveCfg = Release|Win32
		{D50C8C1E-6148-4C36-9EB7-9AF2056D97F4}.Debug|Win32.Build.0 = Release|Win32
		{D50C8C1E-6148-4C36-9EB7-9AF2056D97F4}.Debug|x64.ActiveCfg = Release|x64
		{D50C8C1E-6148-4C36-9EB7-9AF2056D97F4}.Debug|x64.Build.0 = Release|x64
		{D50C8C1E-6148-4C36-9EB7-9AF2056D97F4}.Release|Itanium.ActiveCfg = Release|Itanium
		{D50C8C1E-6148-4C36-9EB7-9AF2056D97F4}.Release|Itanium.Build.0 = Release|Itanium
		{D50C8C1E-6148-4C36-9EB7-9AF2056D97F4}.Release|Win32.ActiveCfg = Release|Win32
		{D50C8C1E-6148-4C36-9EB7-9AF2056D97F4}.Release|Win32.Build.0 = Release|Win32
		{D50C8C1E-6148-4C36-9EB7-9AF2056D97F4}.Release|x64.ActiveCfg = Release|x64
		{D50C8C1E-6148-4C36-9EB7-9AF2056D97F4}.Release|x64.Build.0 = Release|x64
		{D9387B45-34A6-4CB6-A1B0-563E3480CFF9}.Debug|Itanium.ActiveCfg = Release|Itanium
		{D9387B45-34A6-4CB6-A1B0-563E3480CFF9}.Debug|Itanium.Build.0 = Release|Itanium
		{D9387B45-34A6-4CB6-A1B0-563E3480CFF9}.Debug|Win32.ActiveCfg = Release|Win32
		{D9387B45-34A6-4CB6-A1B0-563E3480CFF9}.Debug|Win32.Build.0 = Release|Win32
		{D9387B45-34A6-4CB6-A1B0-563E3480CFF9}.Debug|x64.ActiveCfg = Release|x64
		{D9387B45-34A6-4CB6-A1B0-563E3480CFF9}.Debug|x64.Build.0 = Release|x64
		{D9387B45-34A6-4CB6-A1B0-563E3480CFF9}.Release|Itanium.ActiveCfg = Release|Itanium
		{D9387B45-34A6-4CB6-A1B0-563E3480CFF9}.Release|Itanium.Build.0 = Release|Itanium
		{D9387B45-34A6-4CB6-A1B0-563E3480CFF9}.Release|Win32.ActiveCfg = Release|Win32
		{D9387B45-34A6-4CB6-A1B0-563E3480CFF9}.Release|Win32.Build.0 = Release|Win32
		{D9387B45-34A6-4CB6-A1B0-563E3480CFF9}.Release|x64.ActiveCfg = Release|x64
		{D9387B45-34A6-4CB6-A1B0-563E3480CFF9}.Release|x64.Build.0 = Release|x64
		{D9387B45-34A6-4CB6-A1B0-563E3480CFF8}.Debug|Itanium.ActiveCfg = Debug|Itanium
		{D9387B45-34A6-4CB6-A1B0-563E3480CFF8}.Debug|Itanium.Build.0 = Debug|Itanium
		{D9387B45-34A6-4CB6-A1B0-563E3480CFF8}.Debug|Win32.ActiveCfg = Debug|Win32
		{D9387B45-34A6-4CB6-A1B0-563E3480CFF8}.Debug|Win32.Build.0 = Debug|Win32
		{D9387B45-34A6-4CB6-A1B0-563E3480CFF8}.Debug|x64.ActiveCfg = Debug|x64
		{D9387B45-34A6-4CB6-A1B0-563E3480CFF8}.Debug|x64.Build.0 = Debug|x64
		{D9387B45-34A6-4CB6-A1B0-563E3480CFF8}.Release|Itanium.ActiveCfg = Release|Itanium
		{D9387B45-34A6-4CB6-A1B0-563E3480CFF8}.Release|Itanium.Build.0 = Release|Itanium
		{D9387B45-34A6-4CB6-A1B0-563E3480CFF8}.Release|Win32.ActiveCfg = Release|Win32
		{D9387B45-34A6-4CB6-A1B0-563E3480CFF8}.Release|Win32.Build.0 = Release|Win32
		{D9387B45-34A6-4CB6-A1B0-563E3480CFF8}.Release|x64.ActiveCfg = Release|x64
		{D9387B45-34A6-4CB6-A1B0-563E3480CFF8}.Release|x64.Build.0 = Release|x64
		{370CE5BD-B4C8-4817-B3A1-5B461B4A408D}.Debug|Itanium.ActiveCfg = Debug|Itanium
		{370CE5BD-B4C8-4817-B3A1-5B461B4A408D}.Debug|Itanium.Build.0 = Debug|Itanium
		{370CE5BD-B4C8-4817-B3A1-5B461B4A408D}.Debug|Win32.ActiveCfg = Debug|Win32
		{370CE5BD-B4C8-4817-B3A1-5B461B4A408D}.Debug|Win32.Build.0 = Debug|Win32
		{370CE5BD-B4C8-4817-B3A1-5B461B4A408D}.Debug|x64.ActiveCfg = Debug|x64
		{370CE5BD-B4C8-4817-B3A1-5B461B4A408D}.Debug|x64.Build.0 = Debug|x64
		{370CE5BD-B4C8-4817-B3A1-5B461B4A408D}.Release|Itanium.ActiveCfg = Release|Itanium
		{370CE5BD-B4C8-4817-B3A1-5B461B4A408D}.Release|Itanium.Build.0 = Release|Itanium
		{370CE5BD-B4C8-4817-B3A1-5B461B4A408D}.Release|Win32.ActiveCfg = Release|Win32
		{370CE5BD-B4C8-4817-B3A1-5B461B4A408D}.Release|Win32.Build.0 = Release|Win32
		{370CE5BD-B4C8-4817-B3A1-5B461B4A408D}.Release|x64.ActiveCfg = Release|x64
		{370CE5BD-B4C8-4817-B3A1-5B461B4A408D}.Release|x64.Build.0 = Release|x64
		{A0CB9F6A-2E43-45E0-B57F-0BF483A14160}.Debug|Itanium.ActiveCfg = Debug|Itanium
		{A0CB9F6A-2E43-45E0-B57F-0BF483A14160}.Debug|Itanium.Build.0 = Debug|Itanium
		{A0CB9F6A-2E43-45E0-B57F-0BF483A14160}.Debug|Win32.ActiveCfg = Debug|Win32
		{A0CB9F6A-2E43-45E0-B57F-0BF483A14160}.Debug|Win32.Build.0 = Debug|Win32
		{A0CB9F6A-2E43-45E0-B57F-0BF483A14160}.Debug|x64.ActiveCfg = Debug|x64
		{A0CB9F6A-2E43-45E0-B57F-0BF483A14160}.Debug|x64.Build.0 = Debug|x64
		{A0CB9F6A-2E43-45E0-B57F-0BF483A14160}.Release|Itanium.ActiveCfg = Release|Itanium
		{A0CB9F6A-2E43-45E0-B57F-0BF483A14160}.Release|Itanium.Build.0 = Release|Itanium
		{A0CB9F6A-2E43-45E0-B57F-0BF483A14160}.Release|Win32.ActiveCfg = Release|Win32
		{A0CB9F6A-2E43-45E0-B57F-0BF483A14160}.Release|Win32.Build.0 = Release|Win32
		{A0CB9F6A-2E43-45E0-B57F-0BF483A14160}.Release|x64.ActiveCfg = Release|x64
		{A0CB9F6A-2E43-45E0-B57F-0BF483A14160}.Release|x64.Build.0 = Release|x64
		{C4064D6C-AA3F-4C71-B78D-F406929EE036}.Debug|Itanium.ActiveCfg = Debug|Itanium
		{C4064D6C-AA3F-4C71-B78D-F406929EE036}.Debug|Itanium.Build.0 = Debug|Itanium
		{C4064D6C-AA3F-4C71-B78D-F406929EE036}.Debug|Win32.ActiveCfg = Debug|Win32
		{C4064D6C-AA3F-4C71-B78D-F406929EE036}.Debug|Win32.Build.0 = Debug|Win32
		{C4064D6C-AA3F-4C71-B78D-F406929EE036}.Debug|x64.ActiveCfg = Debug|x64
		{C4064D6C-AA3F-4C71-B78D-F406929EE036}.Debug|x64.Build.0 = Debug|x64
		{C4064D6C-AA3F-4C71-B78D-F406929EE036}.Release|Itanium.ActiveCfg = Release|Itanium
		{C4064D6C-AA3F-4C71-B78D-F406929EE036}.Release|Itanium.Build.0 = Release|Itanium
		{C4064D6C-AA3F-4C71-B78D-F406929EE036}.Release|Win32.ActiveCfg = Release|Win32
		{C4064D6C-AA3F-4C71-B78D-F406929EE036}.Release|Win32.Build.0 = Release|Win32
		{C4064D6C-AA3F-4C71-B78D-F406929EE036}.Release|x64.ActiveCfg = Release|x64
		{C4064D6C-AA3F-4C71-B78D-F406929EE036}.Release|x64.Build.0 = Release|x64
		{412F0B80-AB59-4D2A-90C8-16C06EE1B77C}.Debug|Itanium.ActiveCfg = Debug|Itanium
		{412F0B80-AB59-4D2A-90C8-16C06EE1B77C}.Debug|Itanium.Build.0 = Debug|Itanium
		{412F0B80-AB59-4D2A-90C8-16C06EE1B77C}.Debug|Win32.ActiveCfg = Debug|Win32
		{412F0B80-AB59-4D2A-90C8-16C06EE1B77C}.Debug|Win32.Build.0 = Debug|Win32
		{412F0B80-AB59-4D2A-90C8-16C06EE1B77C}.Debug|x64.ActiveCfg = Debug|x64
		{412F0B80-AB59-4D2A-90C8-16C06EE1B77C}.Debug|x64.Build.0 = Debug|x64
		{412F0B80-AB59-4D2A-90C8-16C06EE1B77C}.Release|Itanium.ActiveCfg = Release|Itanium
		{412F0B80-AB59-4D2A-90C8-16C06EE1B77C}.Release|Itanium.Build.0 = Release|Itanium
		{412F0B80-AB59-4D2A-90C8-16C06EE1B77C}.Release|Win32.ActiveCfg = Release|Win32
		{412F0B80-AB59-4D2A-90C8-16C06EE1B77C}.Release|Win32.Build.0 = Release|Win32
		{412F0B80-AB59-4D2A-90C8-16C06EE1B77C}.Release|x64.ActiveCfg = Release|x64
		{412F0B80-AB59-4D2A-90C8-16C06EE1B77C}.Release|x64.Build.0 = Release|x64
		{56007C20-ADD8-4E2A-AB8F-BEB832F94802}.Debug|Itanium.ActiveCfg = Debug|Itanium
		{56007C20-ADD8-4E2A-AB8F-BEB832F94802}.Debug|Itanium.Build.0 = Debug|Itanium
		{56007C20-ADD8-4E2A-AB8F-BEB832F94802}.Debug|Win32.ActiveCfg = Debug|Win32
		{56007C20-ADD8-4E2A-AB8F-BEB832F94802}.Debug|Win32.Build.0 = Debug|Win32
		{56007C20-ADD8-4E2A-AB8F-BEB832F94802}.Debug|x64.ActiveCfg = Debug|x64
		{56007C20-ADD8-4E2A-AB8F-BEB832F94802}.Debug|x64.Build.0 = Debug|x64
		{56007C20-ADD8-4E2A-AB8F-BEB832F94802}.Release|Itanium.ActiveCfg = Release|Itanium
		{56007C20-ADD8-4E2A-AB8F-BEB832F94802}.Release|Itanium.Build.0 = Release|Itanium
		{56007C20-ADD8-4E2A-AB8F-BEB832F94802}.Release|Win32.ActiveCfg = Release|Win32
		{56007C20-ADD8-4E2A-AB8F-BEB832F94802}.Release|Win32.Build.0 = Release|Win32
		{56007C20-ADD8-4E2A-AB8F-BEB832F94802}.Release|x64.ActiveCfg = Release|x64
		{56007C20-ADD8-4E2A-AB8F-BEB832F94802}.Release|x64.Build.0 = Release|x64
		{F49B5724-0420-46A9-A3F4-647C5722031C}.Debug|Itanium.ActiveCfg = Debug|Itanium
		{F49B5724-0420-46A9-A3F4-647C5722031C}.Debug|Itanium.Build.0 = Debug|Itanium
		{F49B5724-0420-46A9-A3F4-647C5722031C}.Debug|Win32.ActiveCfg = Debug|Win32
		{F49B5724-0420-46A9-A3F4-647C5722031C}.Debug|Win32.Build.0 = Debug|Win32
		{F49B5724-0420-46A9-A3F4-647C5722031C}.Debug|x64.ActiveCfg = Debug|x64
		{F49B5724-0420-46A9-A3F4-647C5722031C}.Debug|x64.Build.0 = Debug|x64
		{F49B5724-0420-46A9-A3F4-647C5722031C}.Release|Itanium.ActiveCfg = Release|Itanium
		{F49B5724-0420-46A9-A3F4-647C5722031C}.Release|Itanium.Build.0 = Release|Itanium
		{F49B5724-0420-46A9-A3F4-647C5722031C}.Release|Win32.ActiveCfg = Release|Win32
		{F49B5724-0420-46A9-A3F4-647C5722031C}.Release|Win32.Build.0 = Release|Win32
		{F49B5724-0420-46A9-A3F4-647C5722031C}.Release|x64.ActiveCfg = Release|x64
		{F49B5724-0420-46A9-A3F4-647C5722031C}.Release|x64.Build.0 = Release|x64
		{C87BBC63-9CA9-4421-8589-5FFDEB000361}.Debug|Itanium.ActiveCfg = Debug|Itanium
		{C87BBC63-9CA9-4421-8589-5FFDEB000361}.Debug|Itanium.Build.0 = Debug|Itanium
		{C87BBC63-9CA9-4421-8589-5FFDEB000361}.Debug|Win32.ActiveCfg = Debug|Win32
		{C87BBC63-9CA9-4421-8589-5FFDEB000361}.Debug|Win32.Build.0 = Debug|Win32
		{C87BBC63-9CA9-4421-8589-5FFDEB000361}.Debug|x64.ActiveCfg = Debug|x64
		{C87BBC63-9CA9-4421-8589-5FFDEB000361}.Debug|x64.Build.0 = Debug|x64
		{C87BBC63-9CA9-4421-8589-5FFDEB000361}.Release|Itanium.ActiveCfg = Release|Itanium
		{C87BBC63-9CA9-4421-8589-5FFDEB000361}.Release|Itanium.Build.0 = Release|Itanium
		{C87BBC63-9CA9-4421-8589-5FFDEB000361}.Release|Win32.ActiveCfg = Release|Win32
		{C87BBC63-9CA9-4421-8589-5FFDEB000361}.Release|Win32.Build.0 = Release|Win32
		{C87BBC63-9CA9-4421-8589-5FFDEB000361}.Release|x64.ActiveCfg = Release|x64
		{C87BBC63-9CA9-4421-8589-5FFDEB000361}.Release|x64.Build.0 = Release|x64
		{CC7215CC-15E2-48CF-ABAB-294E9600B22E}.Debug|Itanium.ActiveCfg = Debug|Itanium
		{CC7215CC-15E2-48CF-ABAB-294E9600B22E}.Debug|Itanium.Build.0 = Debug|Itanium
		{CC7215CC-15E2-48CF-ABAB-294E9600B22E}.Debug|Win32.ActiveCfg = Debug|Win32
		{CC7215CC-15E2-48CF-ABAB-294E9600B22E}.Debug|Win32.Build.0 = Debug|Win32
		{CC7215CC-15E2-48CF-ABAB-294E9600B22E}.Debug|x64.ActiveCfg = Debug|x64
		{CC7215CC-15E2-48CF-ABAB-294E9600B22E}.Debug|x64.Build.0 = Debug|x64
		{CC7215CC-15E2-48CF-ABAB-294E9600B22E}.Release|Itanium.ActiveCfg = Release|Itanium
		{CC7215CC-15E2-48CF-ABAB-294E9600B22E}.Release|Itanium.Build.0 = Release|Itanium
		{CC7215CC-15E2-48CF-ABAB-294E9600B22E}.Release|Win32.ActiveCfg = Release|Win32
		{CC7215CC-15E2-48CF-ABAB-294E9600B22E}.Release|Win32.Build.0 = Release|Win32
		{CC7215CC-15E2-48CF-ABAB-294E9600B22E}.Release|x64.ActiveCfg = Release|x64
		{CC7215CC-15E2-48CF-ABAB-294E9600B22E}.Release|x64.Build.0 = Release|x64
		{5E4E3EE1-7D35-4BAE-BF4A-A68ABFFCF876}.Debug|Itanium.ActiveCfg = Debug|Itanium
		{5E4E3EE1-7D35-4BAE-BF4A-A68ABFFCF876}.Debug|Itanium.Build.0 = Debug|Itanium
		{5E4E3EE1-7D35-4BAE-BF4A-A68ABFFCF876}.Debug|Win32.ActiveCfg = Debug|Win32
		{5E4E3EE1-7D35-4BAE-BF4A-A68ABFFCF876}.Debug|Win32.Build.0 = Debug|Win32
		{5E4E3EE1-7D35-4BAE-BF4A-A68ABFFCF876}.Debug|x64.ActiveCfg = Debug|x64
		{5E4E3EE1-7D35-4BAE-BF4A-A68ABFFCF876}.Debug|x64.Build.0 = Debug|x64
		{5E4E3EE1-7D35-4BAE-BF4A-A68ABFFCF876}.Release|Itanium.ActiveCfg = Release|Itanium
		{5E4E3EE1-7D35-4BAE-BF4A-A68ABFFCF876}.Release|Itanium.Build.0 = Release|Itanium
		{5E4E3EE1-7D35-4BAE-BF4A-A68ABFFCF876}.Release|Win32.ActiveCfg = Release|Win32
		{5E4E3EE1-7D35-4BAE-BF4A-A68ABFFCF876}.Release|Win32.Build.0 = Release|Win32
		{5E4E3EE1-7D35-4BAE-BF4A-A68ABFFCF876}.Release|x64.ActiveCfg = Release|x64
		{5E4E3EE1-7D35-4BAE-BF4A-A68ABFFCF876}.Release|x64.Build.0 = Release|x64
		{0EAC9823-C1CC-42AE-B09A-5FD5C66F0D3B}.Debug|Itanium.ActiveCfg = Debug|Itanium
		{0EAC9823-C1CC-42AE-B09A-5FD5C66F0D3B}.Debug|Itanium.Build.0 = Debug|Itanium
		{0EAC9823-C1CC-42AE-B09A-5FD5C66F0D3B}.Debug|Win32.ActiveCfg = Debug|Win32
		{0EAC9823-C1CC-42AE-B09A-5FD5C66F0D3B}.Debug|Win32.Build.0 = Debug|Win32
		{0EAC9823-C1CC-42AE-B09A-5FD5C66F0D3B}.Debug|x64.ActiveCfg = Debug|x64
		{0EAC9823-C1CC-42AE-B09A-5FD5C66F0D3B}.Debug|x64.Build.0 = Debug|x64
		{0EAC9823-C1CC-42AE-B09A-5FD5C66F0D3B}.Release|Itanium.ActiveCfg = Release|Itanium
		{0EAC9823-C1CC-42AE-B09A-5FD5C66F0D3B}.Release|Itanium.Build.0 = Release|Itanium
		{0EAC9823-C1CC-42AE-B09A-5FD5C66F0D3B}.Release|Win32.ActiveCfg = Release|Win32
		{0EAC9823-C1CC-42AE-B09A-5FD5C66F0D3B}.Release|Win32.Build.0 = Release|Win32
		{0EAC9823-C1CC-42AE-B09A-5FD5C66F0D3B}.Release|x64.ActiveCfg = Release|x64
		{0EAC9823-C1CC-42AE-B09A-5FD5C66F0D3B}.Release|x64.Build.0 = Release|x64
		{731A85E7-6D1F-48BD-A520-4C8DFEC2F6F3}.Debug|Itanium.ActiveCfg = Debug|Itanium
		{731A85E7-6D1F-48BD-A520-4C8DFEC2F6F3}.Debug|Itanium.Build.0 = Debug|Itanium
		{731A85E7-6D1F-48BD-A520-4C8DFEC2F6F3}.Debug|Win32.ActiveCfg = Debug|Win32
		{731A85E7-6D1F-48BD-A520-4C8DFEC2F6F3}.Debug|Win32.Build.0 = Debug|Win32
		{731A85E7-6D1F-48BD-A520-4C8DFEC2F6F3}.Debug|x64.ActiveCfg = Debug|x64
		{731A85E7-6D1F-48BD-A520-4C8DFEC2F6F3}.Debug|x64.Build.0 = Debug|x64
		{731A85E7-6D1F-48BD-A520-4C8DFEC2F6F3}.Release|Itanium.ActiveCfg = Release|Itanium
		{731A85E7-6D1F-48BD-A520-4C8DFEC2F6F3}.Release|Itanium.Build.0 = Release|Itanium
		{731A85E7-6D1F-48BD-A520-4C8DFEC2F6F3}.Release|Win32.ActiveCfg = Release|Win32
		{731A85E7-6D1F-48BD-A520-4C8DFEC2F6F3}.Release|Win32.Build.0 = Release|Win32
		{731A85E7-6D1F-48BD-A520-4C8DFEC2F6F3}.Release|x64.ActiveCfg = Release|x64
		{731A85E7-6D1F-48BD-A520-4C8DFEC2F6F3}.Release|x64.Build.0 = Release|x64
		{1F12132B-4424-48C4-8B9C-B10E8AEDE9C7}.Debug|Itanium.ActiveCfg = Debug|Itanium
		{1F12132B-4424-48C4-8B9C-B10E8AEDE9C7}.Debug|Itanium.Build.0 = Debug|Itanium
		{1F12132B-4424-48C4-8B9C-B10E8AEDE9C7}.Debug|Win32.ActiveCfg = Debug|Win32
		{1F12132B-4424-48C4-8B9C-B10E8AEDE9C7}.Debug|Win32.Build.0 = Debug|Win32
		{1F12132B-4424-48C4-8B9C-B10E8AEDE9C7}.Debug|x64.ActiveCfg = Debug|x64
		{1F12132B-4424-48C4-8B9C-B10E8AEDE9C7}.Debug|x64.Build.0 = Debug|x64
		{1F12132B-4424-48C4-8B9C-B10E8AEDE9C7}.Release|Itanium.ActiveCfg = Release|Itanium
		{1F12132B-4424-48C4-8B9C-B10E8AEDE9C7}.Release|Itanium.Build.0 = Release|Itanium
		{1F12132B-4424-48C4-8B9C-B10E8AEDE9C7}.Release|Win32.ActiveCfg = Release|Win32
		{1F12132B-4424-48C4-8B9C-B10E8AEDE9C7}.Release|Win32.Build.0 = Release|Win32
		{1F12132B-4424-48C4-8B9C-B10E8AEDE9C7}.Release|x64.ActiveCfg = Release|x64
		{1F12132B-4424-48C4-8B9C-B10E8AEDE9C7}.Release|x64.Build.0 = Release|x64
		{B40A055F-5616-4001-B4C0-3DAF156B168C}.Debug|Itanium.ActiveCfg = Debug|Itanium
		{B40A055F-5616-4001-B4C0-3DAF156B168C}.Debug|Itanium.Build.0 = Debug|Itanium
		{B40A055F-5616-4001-B4C0-3DAF156B168C}.Debug|Win32.ActiveCfg = Debug|Win32
		{B40A055F-5616-4001-B4C0-3DAF156B168C}.Debug|Win32.Build.0 = Debug|Win32
		{B40A055F-5616-4001-B4C0-3DAF156B168C}.Debug|x64.ActiveCfg = Debug|x64
		{B40A055F-5616-4001-B4C0-3DAF156B168C}.Debug|x64.Build.0 = Debug|x64
		{B40A055F-5616-4001-B4C0-3DAF156B168C}.Release|Itanium.ActiveCfg = Release|Itanium
		{B40A055F-5616-4001-B4C0-3DAF156B168C}.Release|Itanium.Build.0 = Release|Itanium
		{B40A055F-5616-4001-B4C0-3DAF156B168C}.Release|Win32.ActiveCfg = Release|Win32
		{B40A055F-5616-4001-B4C0-3DAF156B168C}.Release|Win32.Build.0 = Release|Win32
		{B40A055F-5616-4001-B4C0-3DAF156B168C}.Release|x64.ActiveCfg = Release|x64
		{B40A055F-5616-4001-B4C0-3DAF156B168C}.Release|x64.Build.0 = Release|x64
		{7EF4D5DD-4136-42AB-893B-BE75B63A2217}.Debug|Itanium.ActiveCfg = Debug|Itanium
		{7EF4D5DD-4136-42AB-893B-BE75B63A2217}.Debug|Itanium.Build.0 = Debug|Itanium
		{7EF4D5DD-4136-42AB-893B-BE75B63A2217}.Debug|Win32.ActiveCfg = Debug|Win32
		{7EF4D5DD-4136-42AB-893B-BE75B63A2217}.Debug|Win32.Build.0 = Debug|Win32
		{7EF4D5DD-4136-42AB-893B-BE75B63A2217}.Debug|x64.ActiveCfg = Debug|x64
		{7EF4D5DD-4136-42AB-893B-BE75B63A2217}.Debug|x64.Build.0 = Debug|x64
		{7EF4D5DD-4136-42AB-893B-BE75B63A2217}.Release|Itanium.ActiveCfg = Release|Itanium
		{7EF4D5DD-4136-42AB-893B-BE75B63A2217}.Release|Itanium.Build.0 = Release|Itanium
		{7EF4D5DD-4136-42AB-893B-BE75B63A2217}.Release|Win32.ActiveCfg = Release|Win32
		{7EF4D5DD-4136-42AB-893B-BE75B63A2217}.Release|Win32.Build.0 = Release|Win32
		{7EF4D5DD-4136-42AB-893B-BE75B63A2217}.Release|x64.ActiveCfg = Release|x64
		{7EF4D5DD-4136-42AB-893B-BE75B63A2217}.Release|x64.Build.0 = Release|x64
		{C8DC84FC-A2D1-4D0E-9150-BF62C87BC603}.Debug|Itanium.ActiveCfg = Debug|Itanium
		{C8DC84FC-A2D1-4D0E-9150-BF62C87BC603}.Debug|Itanium.Build.0 = Debug|Itanium
		{C8DC84FC-A2D1-4D0E-9150-BF62C87BC603}.Debug|Win32.ActiveCfg = Debug|Win32
		{C8DC84FC-A2D1-4D0E-9150-BF62C87BC603}.Debug|Win32.Build.0 = Debug|Win32
		{C8DC84FC-A2D1-4D0E-9150-BF62C87BC603}.Debug|x64.ActiveCfg = Debug|x64
		{C8DC84FC-A2D1-4D0E-9150-BF62C87BC603}.Debug|x64.Build.0 = Debug|x64
		{C8DC84FC-A2D1-4D0E-9150-BF62C87BC603}.Release|Itanium.ActiveCfg = Release|Itanium
		{C8DC84FC-A2D1-4D0E-9150-BF62C87BC603}.Release|Itanium.Build.0 = Release|Itanium
		{C8DC84FC-A2D1-4D0E-9150-BF62C87BC603}.Release|Win32.ActiveCfg = Release|Win32
		{C8DC84FC-A2D1-4D0E-9150-BF62C87BC603}.Release|Win32.Build.0 = Release|Win32
		{C8DC84FC-A2D1-4D0E-9150-BF62C87BC603}.Release|x64.ActiveCfg = Release|x64
		{C8DC84FC-A2D1-4D0E-9150-BF62C87BC603}.Release|x64.Build.0 = Release|x64
		{8E23ED24-ECD7-4950-8230-9FF7C6C684C4}.Debug|Itanium.ActiveCfg = Debug|Itanium
		{8E23ED24-ECD7-4950-8230-9FF7C6C684C4}.Debug|Itanium.Build.0 = Debug|Itanium
		{8E23ED24-ECD7-4950-8230-9FF7C6C684C4}.Debug|Win32.ActiveCfg = Debug|Win32
		{8E23ED24-ECD7-4950-8230-9FF7C6C684C4}.Debug|Win32.Build.0 = Debug|Win32
		{8E23ED24-ECD7-4950-8230-9FF7C6C684C4}.Debug|x64.ActiveCfg = Debug|x64
		{8E23ED24-ECD7-4950-8230-9FF7C6C684C4}.Debug|x64.Build.0 = Debug|x64
		{8E23ED24-ECD7-4950-8230-9FF7C6C684C4}.Release|Itanium.ActiveCfg = Release|Itanium
		{8E23ED24-ECD7-4950-8230-9FF7C6C684C4}.Release|Itanium.Build.0 = Release|Itanium
		{8E23ED24-ECD7-4950-8230-9FF7C6C684C4}.Release|Win32.ActiveCfg = Release|Win32
		{8E23ED24-ECD7-4950-8230-9FF7C6C684C4}.Release|Win32.Build.0 = Release|Win32
		{8E23ED24-ECD7-4950-8230-9FF7C6C684C4}.Release|x64.ActiveCfg = Release|x64
		{8E23ED24-ECD7-4950-8230-9FF7C6C684C4}.Release|x64.Build.0 = Release|x64
		{797917B6-C8C8-4D0A-A417-407894FECC97}.Debug|Itanium.ActiveCfg = Debug|Itanium
		{797917B6-C8C8-4D0A-A417-407894FECC97}.Debug|Itanium.Build.0 = Debug|Itanium
		{797917B6-C8C8-4D0A-A417-407894FECC97}.Debug|Win32.ActiveCfg = Debug|Win32
		{797917B6-C8C8-4D0A-A417-407894FECC97}.Debug|Win32.Build.0 = Debug|Win32
		{797917B6-C8C8-4D0A-A417-407894FECC97}.Debug|x64.ActiveCfg = Debug|x64
		{797917B6-C8C8-4D0A-A417-407894FECC97}.Debug|x64.Build.0 = Debug|x64
		{797917B6-C8C8-4D0A-A417-407894FECC97}.Release|Itanium.ActiveCfg = Release|Itanium
		{797917B6-C8C8-4D0A-A417-407894FECC97}.Release|Itanium.Build.0 = Release|Itanium
		{797917B6-C8C8-4D0A-A417-407894FECC97}.Release|Win32.ActiveCfg = Release|Win32
		{797917B6-C8C8-4D0A-A417-407894FECC97}.Release|Win32.Build.0 = Release|Win32
		{797917B6-C8C8-4D0A-A417-407894FECC97}.Release|x64.ActiveCfg = Release|x64
		{797917B6-C8C8-4D0A-A417-407894FECC97}.Release|x64.Build.0 = Release|x64
		{A0C8BA6C-C2B8-4AF0-A4CF-AABFE0F2DF97}.Debug|Itanium.ActiveCfg = Debug|Itanium
		{A0C8BA6C-C2B8-4AF0-A4CF-AABFE0F2DF97}.Debug|Itanium.Build.0 = Debug|Itanium
		{A0C8BA6C-C2B8-4AF0-A4CF-AABFE0F2DF97}.Debug|Win32.ActiveCfg = Debug|Win32
		{A0C8BA6C-C2B8-4AF0-A4CF-AABFE0F2DF97}.Debug|Win32.Build.0 = Debug|Win32
		{A0C8BA6C-C2B8-4AF0-A4CF-AABFE0F2DF97}.Debug|x64.ActiveCfg = Debug|x64
		{A0C8BA6C-C2B8-4AF0-A4CF-AABFE0F2DF97}.Debug|x64.Build.0 = Debug|x64
		{A0C8BA6C-C2B8-4AF0-A4CF-AABFE0F2DF97}.Release|Itanium.ActiveCfg = Release|Itanium
		{A0C8BA6C-C2B8-4AF0-A4CF-AABFE0F2DF97}.Release|Itanium.Build.0 = Release|Itanium
		{A0C8BA6C-C2B8-4AF0-A4CF-AABFE0F2DF97}.Release|Win32.ActiveCfg = Release|Win32
		{A0C8BA6C-C2B8-4AF0-A4CF-AABFE0F2DF97}.Release|Win32.Build.0 = Release|Win32
		{A0C8BA6C-C2B8-4AF0-A4CF-AABFE0F2DF97}.Release|x64.ActiveCfg = Release|x64
		{A0C8BA6C-C2B8-4AF0-A4CF-AABFE0F2DF97}.Release|x64.Build.0 = Release|x64
		{ED958D37-DAE2-4CA1-98AE-7C310DB3BC72}.Debug|Itanium.ActiveCfg = Debug|Itanium
		{ED958D37-DAE2-4CA1-98AE-7C310DB3BC72}.Debug|Itanium.Build.0 = Debug|Itanium
		{ED958D37-DAE2-4CA1-98AE-7C310DB3BC72}.Debug|Win32.ActiveCfg = Debug|Win32
		{ED958D37-DAE2-4CA1-98AE-7C310DB3BC72}.Debug|Win32.Build.0 = Debug|Win32
		{ED958D37-DAE2-4CA1-98AE-7C310DB3BC72}.Debug|x64.ActiveCfg = Debug|x64
		{ED958D37-DAE2-4CA1-98AE-7C310DB3BC72}.Debug|x64.Build.0 = Debug|x64
		{ED958D37-DAE2-4CA1-98AE-7C310DB3BC72}.Release|Itanium.ActiveCfg = Release|Itanium
		{ED958D37-DAE2-4CA1-98AE-7C310DB3BC72}.Release|Itanium.Build.0 = Release|Itanium
		{ED958D37-DAE2-4CA1-98AE-7C310DB3BC72}.Release|Win32.ActiveCfg = Release|Win32
		{ED958D37-DAE2-4CA1-98AE-7C310DB3BC72}.Release|Win32.Build.0 = Release|Win32
		{ED958D37-DAE2-4CA1-98AE-7C310DB3BC72}.Release|x64.ActiveCfg = Release|x64
		{ED958D37-DAE2-4CA1-98AE-7C310DB3BC72}.Release|x64.Build.0 = Release|x64
		{CA4796B8-EE04-40C9-A1DE-4A6645856E6F}.Debug|Itanium.ActiveCfg = Debug|Itanium
		{CA4796B8-EE04-40C9-A1DE-4A6645856E6F}.Debug|Itanium.Build.0 = Debug|Itanium
		{CA4796B8-EE04-40C9-A1DE-4A6645856E6F}.Debug|Win32.ActiveCfg = Debug|Win32
		{CA4796B8-EE04-40C9-A1DE-4A6645856E6F}.Debug|Win32.Build.0 = Debug|Win32
		{CA4796B8-EE04-40C9-A1DE-4A6645856E6F}.Debug|x64.ActiveCfg = Debug|x64
		{CA4796B8-EE04-40C9-A1DE-4A6645856E6F}.Debug|x64.Build.0 = Debug|x64
		{CA4796B8-EE04-40C9-A1DE-4A6645856E6F}.Release|Itanium.ActiveCfg = Release|Itanium
		{CA4796B8-EE04-40C9-A1DE-4A6645856E6F}.Release|Itanium.Build.0 = Release|Itanium
		{CA4796B8-EE04-40C9-A1DE-4A6645856E6F}.Release|Win32.ActiveCfg = Release|Win32
		{CA4796B8-EE04-40C9-A1DE-4A6645856E6F}.Release|Win32.Build.0 = Release|Win32
		{CA4796B8-EE04-40C9-A1DE-4A6645856E6F}.Release|x64.ActiveCfg = Release|x64
		{CA4796B8-EE04-40C9-A1DE-4A6645856E6F}.Release|x64.Build.0 = Release|x64
		{F208D520-150C-4E92-8DFE-80D44E04162A}.Debug|Itanium.ActiveCfg = Debug|Itanium
		{F208D520-150C-4E92-8DFE-80D44E04162A}.Debug|Itanium.Build.0 = Debug|Itanium
		{F208D520-150C-4E92-8DFE-80D44E04162A}.Debug|Win32.ActiveCfg = Debug|Win32
		{F208D520-150C-4E92-8DFE-80D44E04162A}.Debug|Win32.Build.0 = Debug|Win32
		{F208D520-150C-4E92-8DFE-80D44E04162A}.Debug|x64.ActiveCfg = Debug|x64
		{F208D520-150C-4E92-8DFE-80D44E04162A}.Debug|x64.Build.0 = Debug|x64
		{F208D520-150C-4E92-8DFE-80D44E04162A}.Release|Itanium.ActiveCfg = Release|Itanium
		{F208D520-150C-4E92-8DFE-80D44E04162A}.Release|Itanium.Build.0 = Release|Itanium
		{F208D520-150C-4E92-8DFE-80D44E04162A}.Release|Win32.ActiveCfg = Release|Win32
		{F208D520-150C-4E92-8DFE-80D44E04162A}.Release|Win32.Build.0 = Release|Win32
		{F208D520-150C-4E92-8DFE-80D44E04162A}.Release|x64.ActiveCfg = Release|x64
		{F208D520-150C-4E92-8DFE-80D44E04162A}.Release|x64.Build.0 = Release|x64
		{FDE27834-8CD2-45A3-8A7C-95F0525E3BF9}.Debug|Itanium.ActiveCfg = Debug|Itanium
		{FDE27834-8CD2-45A3-8A7C-95F0525E3BF9}.Debug|Itanium.Build.0 = Debug|Itanium
		{FDE27834-8CD2-45A3-8A7C-95F0525E3BF9}.Debug|Win32.ActiveCfg = Debug|Win32
		{FDE27834-8CD2-45A3-8A7C-95F0525E3BF9}.Debug|Win32.Build.0 = Debug|Win32
		{FDE27834-8CD2-45A3-8A7C-95F0525E3BF9}.Debug|x64.ActiveCfg = Debug|x64
		{FDE27834-8CD2-45A3-8A7C-95F0525E3BF9}.Debug|x64.Build.0 = Debug|x64
		{FDE27834-8CD2-45A3-8A7C-95F0525E3BF9}.Release|Itanium.ActiveCfg = Release|Itanium
		{FDE27834-8CD2-45A3-8A7C-95F0525E3BF9}.Release|Itanium.Build.0 = Release|Itanium
		{FDE27834-8CD2-45A3-8A7C-95F0525E3BF9}.Release|Win32.ActiveCfg = Release|Win32
		{FDE27834-8CD2-45A3-8A7C-95F0525E3BF9}.Release|Win32.Build.0 = Release|Win32
		{FDE27834-8CD2-45A3-8A7C-95F0525E3BF9}.Release|x64.ActiveCfg = Release|x64
		{FDE27834-8CD2-45A3-8A7C-95F0525E3BF9}.Release|x64.Build.0 = Release|x64
		{940E6B05-35E5-4FF2-BFB1-238FE6056069}.Debug|Itanium.ActiveCfg = Debug|Itanium
		{940E6B05-35E5-4FF2-BFB1-238FE6056069}.Debug|Itanium.Build.0 = Debug|Itanium
		{940E6B05-35E5-4FF2-BFB1-238FE6056069}.Debug|Win32.ActiveCfg = Debug|Win32
		{940E6B05-35E5-4FF2-BFB1-238FE6056069}.Debug|Win32.Build.0 = Debug|Win32
		{940E6B05-35E5-4FF2-BFB1-238FE6056069}.Debug|x64.ActiveCfg = Debug|x64
		{940E6B05-35E5-4FF2-BFB1-238FE6056069}.Debug|x64.Build.0 = Debug|x64
		{940E6B05-35E5-4FF2-BFB1-238FE6056069}.Release|Itanium.ActiveCfg = Release|Itanium
		{940E6B05-35E5-4FF2-BFB1-238FE6056069}.Release|Itanium.Build.0 = Release|Itanium
		{940E6B05-35E5-4FF2-BFB1-238FE6056069}.Release|Win32.ActiveCfg = Release|Win32
		{940E6B05-35E5-4FF2-BFB1-238FE6056069}.Release|Win32.Build.0 = Release|Win32
		{940E6B05-35E5-4FF2-BFB1-238FE6056069}.Release|x64.ActiveCfg = Release|x64
		{940E6B05-35E5-4FF2-BFB1-238FE6056069}.Release|x64.Build.0 = Release|x64
		{9CF69DBB-650D-4423-8FD2-D291A71B6CC9}.Debug|Itanium.ActiveCfg = Debug|Itanium
		{9CF69DBB-650D-4423-8FD2-D291A71B6CC9}.Debug|Itanium.Build.0 = Debug|Itanium
		{9CF69DBB-650D-4423-8FD2-D291A71B6CC9}.Debug|Win32.ActiveCfg = Debug|Win32
		{9CF69DBB-650D-4423-8FD2-D291A71B6CC9}.Debug|Win32.Build.0 = Debug|Win32
		{9CF69DBB-650D-4423-8FD2-D291A71B6CC9}.Debug|x64.ActiveCfg = Debug|x64
		{9CF69DBB-650D-4423-8FD2-D291A71B6CC9}.Debug|x64.Build.0 = Debug|x64
		{9CF69DBB-650D-4423-8FD2-D291A71B6CC9}.Release|Itanium.ActiveCfg = Release|Itanium
		{9CF69DBB-650D-4423-8FD2-D291A71B6CC9}.Release|Itanium.Build.0 = Release|Itanium
		{9CF69DBB-650D-4423-8FD2-D291A71B6CC9}.Release|Win32.ActiveCfg = Release|Win32
		{9CF69DBB-650D-4423-8FD2-D291A71B6CC9}.Release|Win32.Build.0 = Release|Win32
		{9CF69DBB-650D-4423-8FD2-D291A71B6CC9}.Release|x64.ActiveCfg = Release|x64
		{9CF69DBB-650D-4423-8FD2-D291A71B6CC9}.Release|x64.Build.0 = Release|x64
		{50FCE411-DA6E-432A-8224-265D52D09058}.Debug|Itanium.ActiveCfg = Release|Itanium
		{50FCE411-DA6E-432A-8224-265D52D09058}.Debug|Itanium.Build.0 = Release|Itanium
		{50FCE411-DA6E-432A-8224-265D52D09058}.Debug|Win32.ActiveCfg = Release|Win32
		{50FCE411-DA6E-432A-8224-265D52D09058}.Debug|Win32.Build.0 = Release|Win32
		{50FCE411-DA6E-432A-8224-265D52D09058}.Debug|x64.ActiveCfg = Release|x64
		{50FCE411-DA6E-432A-8224-265D52D09058}.Debug|x64.Build.0 = Release|x64
		{50FCE411-DA6E-432A-8224-265D52D09058}.Release|Itanium.ActiveCfg = Release|Itanium
		{50FCE411-DA6E-432A-8224-265D52D09058}.Release|Itanium.Build.0 = Release|Itanium
		{50FCE411-DA6E-432A-8224-265D52D09058}.Release|Win32.ActiveCfg = Release|Win32
		{50FCE411-DA6E-432A-8224-265D52D09058}.Release|Win32.Build.0 = Release|Win32
		{50FCE411-DA6E-432A-8224-265D52D09058}.Release|x64.ActiveCfg = Release|x64
		{50FCE411-DA6E-432A-8224-265D52D09058}.Release|x64.Build.0 = Release|x64
		{A0EEDB6F-87F0-459A-94FF-C683CE2CE8C1}.Debug|Itanium.ActiveCfg = Debug|Itanium
		{A0EEDB6F-87F0-459A-94FF-C683CE2CE8C1}.Debug|Itanium.Build.0 = Debug|Itanium
		{A0EEDB6F-87F0-459A-94FF-C683CE2CE8C1}.Debug|Win32.ActiveCfg = Debug|Win32
		{A0EEDB6F-87F0-459A-94FF-C683CE2CE8C1}.Debug|Win32.Build.0 = Debug|Win32
		{A0EEDB6F-87F0-459A-94FF-C683CE2CE8C1}.Debug|x64.ActiveCfg = Debug|x64
		{A0EEDB6F-87F0-459A-94FF-C683CE2CE8C1}.Debug|x64.Build.0 = Debug|x64
		{A0EEDB6F-87F0-459A-94FF-C683CE2CE8C1}.Release|Itanium.ActiveCfg = Release|Itanium
		{A0EEDB6F-87F0-459A-94FF-C683CE2CE8C1}.Release|Itanium.Build.0 = Release|Itanium
		{A0EEDB6F-87F0-459A-94FF-C683CE2CE8C1}.Release|Win32.ActiveCfg = Release|Win32
		{A0EEDB6F-87F0-459A-94FF-C683CE2CE8C1}.Release|Win32.Build.0 = Release|Win32
		{A0EEDB6F-87F0-459A-94FF-C683CE2CE8C1}.Release|x64.ActiveCfg = Release|x64
		{A0EEDB6F-87F0-459A-94FF-C683CE2CE8C1}.Release|x64.Build.0 = Release|x64
		{4ADCDBAB-CB02-4888-84AE-F9832323495D}.Debug|Itanium.ActiveCfg = Debug|Itanium
		{4ADCDBAB-CB02-4888-84AE-F9832323495D}.Debug|Itanium.Build.0 = Debug|Itanium
		{4ADCDBAB-CB02-4888-84AE-F9832323495D}.Debug|Win32.ActiveCfg = Debug|Win32
		{4ADCDBAB-CB02-4888-84AE-F9832323495D}.Debug|Win32.Build.0 = Debug|Win32
		{4ADCDBAB-CB02-4888-84AE-F9832323495D}.Debug|x64.ActiveCfg = Debug|x64
		{4ADCDBAB-CB02-4888-84AE-F9832323495D}.Debug|x64.Build.0 = Debug|x64
		{4ADCDBAB-CB02-4888-84AE-F9832323495D}.Release|Itanium.ActiveCfg = Release|Itanium
		{4ADCDBAB-CB02-4888-84AE-F9832323495D}.Release|Itanium.Build.0 = Release|Itanium
		{4ADCDBAB-CB02-4888-84AE-F9832323495D}.Release|Win32.ActiveCfg = Release|Win32
		{4ADCDBAB-CB02-4888-84AE-F9832323495D}.Release|Win32.Build.0 = Release|Win32
		{4ADCDBAB-CB02-4888-84AE-F9832323495D}.Release|x64.ActiveCfg = Release|x64
		{4ADCDBAB-CB02-4888-84AE-F9832323495D}.Release|x64.Build.0 = Release|x64
		{4ADCDBAF-CB02-4888-84AE-F9832323495D}.Debug|Itanium.ActiveCfg = Debug|Itanium
		{4ADCDBAF-CB02-4888-84AE-F9832323495D}.Debug|Itanium.Build.0 = Debug|Itanium
		{4ADCDBAF-CB02-4888-84AE-F9832323495D}.Debug|Win32.ActiveCfg = Debug|Win32
		{4ADCDBAF-CB02-4888-84AE-F9832323495D}.Debug|Win32.Build.0 = Debug|Win32
		{4ADCDBAF-CB02-4888-84AE-F9832323495D}.Debug|x64.ActiveCfg = Debug|x64
		{4ADCDBAF-CB02-4888-84AE-F9832323495D}.Debug|x64.Build.0 = Debug|x64
		{4ADCDBAF-CB02-4888-84AE-F9832323495D}.Release|Itanium.ActiveCfg = Release|Itanium
		{4ADCDBAF-CB02-4888-84AE-F9832323495D}.Release|Itanium.Build.0 = Release|Itanium
		{4ADCDBAF-CB02-4888-84AE-F9832323495D}.Release|Win32.ActiveCfg = Release|Win32
		{4ADCDBAF-CB02-4888-84AE-F9832323495D}.Release|Win32.Build.0 = Release|Win32
		{4ADCDBAF-CB02-4888-84AE-F9832323495D}.Release|x64.ActiveCfg = Release|x64
		{4ADCDBAF-CB02-4888-84AE-F9832323495D}.Release|x64.Build.0 = Release|x64
		{4ADCDBAE-CB02-4888-84AE-F9832323495D}.Debug|Itanium.ActiveCfg = Debug|Itanium
		{4ADCDBAE-CB02-4888-84AE-F9832323495D}.Debug|Itanium.Build.0 = Debug|Itanium
		{4ADCDBAE-CB02-4888-84AE-F9832323495D}.Debug|Win32.ActiveCfg = Debug|Win32
		{4ADCDBAE-CB02-4888-84AE-F9832323495D}.Debug|Win32.Build.0 = Debug|Win32
		{4ADCDBAE-CB02-4888-84AE-F9832323495D}.Debug|x64.ActiveCfg = Debug|x64
		{4ADCDBAE-CB02-4888-84AE-F9832323495D}.Debug|x64.Build.0 = Debug|x64
		{4ADCDBAE-CB02-4888-84AE-F9832323495D}.Release|Itanium.ActiveCfg = Release|Itanium
		{4ADCDBAE-CB02-4888-84AE-F9832323495D}.Release|Itanium.Build.0 = Release|Itanium
		{4ADCDBAE-CB02-4888-84AE-F9832323495D}.Release|Win32.ActiveCfg = Release|Win32
		{4ADCDBAE-CB02-4888-84AE-F9832323495D}.Release|Win32.Build.0 = Release|Win32
		{4ADCDBAE-CB02-4888-84AE-F9832323495D}.Release|x64.ActiveCfg = Release|x64
		{4ADCDBAE-CB02-4888-84AE-F9832323495D}.Release|x64.Build.0 = Release|x64
		{8DB0251E-F83F-4626-A50D-4F3295FA8753}.Debug|Itanium.ActiveCfg = Debug|Itanium
		{8DB0251E-F83F-4626-A50D-4F3295FA8753}.Debug|Itanium.Build.0 = Debug|Itanium
		{8DB0251E-F83F-4626-A50D-4F3295FA8753}.Debug|Win32.ActiveCfg = Debug|Win32
		{8DB0251E-F83F-4626-A50D-4F3295FA8753}.Debug|Win32.Build.0 = Debug|Win32
		{8DB0251E-F83F-4626-A50D-4F3295FA8753}.Debug|x64.ActiveCfg = Debug|x64
		{8DB0251E-F83F-4626-A50D-4F3295FA8753}.Debug|x64.Build.0 = Debug|x64
		{8DB0251E-F83F-4626-A50D-4F3295FA8753}.Release|Itanium.ActiveCfg = Release|Itanium
		{8DB0251E-F83F-4626-A50D-4F3295FA8753}.Release|Itanium.Build.0 = Release|Itanium
		{8DB0251E-F83F-4626-A50D-4F3295FA8753}.Release|Win32.ActiveCfg = Release|Win32
		{8DB0251E-F83F-4626-A50D-4F3295FA8753}.Release|Win32.Build.0 = Release|Win32
		{8DB0251E-F83F-4626-A50D-4F3295FA8753}.Release|x64.ActiveCfg = Release|x64
		{8DB0251E-F83F-4626-A50D-4F3295FA8753}.Release|x64.Build.0 = Release|x64
		{6A6E122A-4151-4AF2-BBCB-2B4603CF029F}.Debug|Itanium.ActiveCfg = Debug|Itanium
		{6A6E122A-4151-4AF2-BBCB-2B4603CF029F}.Debug|Itanium.Build.0 = Debug|Itanium
		{6A6E122A-4151-4AF2-BBCB-2B4603CF029F}.Debug|Win32.ActiveCfg = Debug|Win32
		{6A6E122A-4151-4AF2-BBCB-2B4603CF029F}.Debug|Win32.Build.0 = Debug|Win32
		{6A6E122A-4151-4AF2-BBCB-2B4603CF029F}.Debug|x64.ActiveCfg = Debug|x64
		{6A6E122A-4151-4AF2-BBCB-2B4603CF029F}.Debug|x64.Build.0 = Debug|x64
		{6A6E122A-4151-4AF2-BBCB-2B4603CF029F}.Release|Itanium.ActiveCfg = Release|Itanium
		{6A6E122A-4151-4AF2-BBCB-2B4603CF029F}.Release|Itanium.Build.0 = Release|Itanium
		{6A6E122A-4151-4AF2-BBCB-2B4603CF029F}.Release|Win32.ActiveCfg = Release|Win32
		{6A6E122A-4151-4AF2-BBCB-2B4603CF029F}.Release|Win32.Build.0 = Release|Win32
		{6A6E122A-4151-4AF2-BBCB-2B4603CF029F}.Release|x64.ActiveCfg = Release|x64
		{6A6E122A-4151-4AF2-BBCB-2B4603CF029F}.Release|x64.Build.0 = Release|x64
		{38CF1530-243C-4C81-9B0E-DCA51551AC81}.Debug|Itanium.ActiveCfg = Debug|x64
		{38CF1530-243C-4C81-9B0E-DCA51551AC81}.Debug|Win32.ActiveCfg = Debug|Win32
		{38CF1530-243C-4C81-9B0E-DCA51551AC81}.Debug|Win32.Build.0 = Debug|Win32
		{38CF1530-243C-4C81-9B0E-DCA51551AC81}.Debug|x64.ActiveCfg = Debug|x64
		{38CF1530-243C-4C81-9B0E-DCA51551AC81}.Debug|x64.Build.0 = Debug|x64
		{38CF1530-243C-4C81-9B0E-DCA51551AC81}.Release|Itanium.ActiveCfg = Release|x64
		{38CF1530-243C-4C81-9B0E-DCA51551AC81}.Release|Win32.ActiveCfg = Release|Win32
		{38CF1530-243C-4C81-9B0E-DCA51551AC81}.Release|Win32.Build.0 = Release|Win32
		{38CF1530-243C-4C81-9B0E-DCA51551AC81}.Release|x64.ActiveCfg = Release|x64
		{38CF1530-243C-4C81-9B0E-DCA51551AC81}.Release|x64.Build.0 = Release|x64
		{A39C2D17-4730-4C13-A2BE-8C012616E771}.Debug|Itanium.ActiveCfg = Debug|x64
		{A39C2D17-4730-4C13-A2BE-8C012616E771}.Debug|Win32.ActiveCfg = Debug|Win32
		{A39C2D17-4730-4C13-A2BE-8C012616E771}.Debug|Win32.Build.0 = Debug|Win32
		{A39C2D17-4730-4C13-A2BE-8C012616E771}.Debug|x64.ActiveCfg = Debug|x64
		{A39C2D17-4730-4C13-A2BE-8C012616E771}.Debug|x64.Build.0 = Debug|x64
		{A39C2D17-4730-4C13-A2BE-8C012616E771}.Release|Itanium.ActiveCfg = Release|x64
		{A39C2D17-4730-4C13-A2BE-8C012616E771}.Release|Win32.ActiveCfg = Release|Win32
		{A39C2D17-4730-4C13-A2BE-8C012616E771}.Release|Win32.Build.0 = Release|Win32
		{A39C2D17-4730-4C13-A2BE-8C012616E771}.Release|x64.ActiveCfg = Release|x64
		{A39C2D17-4730-4C13-A2BE-8C012616E771}.Release|x64.Build.0 = Release|x64
		{9FF87075-F1E1-410B-818C-2823396FE24F}.Debug|Win32.ActiveCfg = Debug|Win32
		{9FF87075-F1E1-410B-818C-2823396FE24F}.Debug|Win32.Build.0 = Debug|Win32
		{9FF87075-F1E1-410B-818C-2823396FE24F}.Debug|x64.ActiveCfg = Debug|x64
		{9FF87075-F1E1-410B-818C-2823396FE24F}.Debug|x64.Build.0 = Debug|x64
		{9FF87075-F1E1-410B-818C-2823396FE24F}.Release|Win32.ActiveCfg = Release|Win32
		{9FF87075-F1E1-410B-818C-2823396FE24F}.Release|Win32.Build.0 = Release|Win32
		{9FF87075-F1E1-410B-818C-2823396FE24F}.Release|x64.ActiveCfg = Release|x64
		{9FF87075-F1E1-410B-818C-2823396FE24F}.Release|x64.Build.0 = Release|x64
		{06BE01E6-7DC0-4D83-877C-B7ADE32175F8}.Debug|Itanium.ActiveCfg = Debug|Itanium
		{06BE01E6-7DC0-4D83-877C-B7ADE32175F8}.Debug|Win32.ActiveCfg = Debug|Win32
		{06BE01E6-7DC0-4D83-877C-B7ADE32175F8}.Debug|Win32.Build.0 = Debug|Win32
		{06BE01E6-7DC0-4D83-877C-B7ADE32175F8}.Debug|x64.ActiveCfg = Debug|x64
		{06BE01E6-7DC0-4D83-877C-B7ADE32175F8}.Debug|x64.Build.0 = Debug|x64
		{06BE01E6-7DC0-4D83-877C-B7ADE32175F8}.Release|Itanium.ActiveCfg = Release|Itanium
		{06BE01E6-7DC0-4D83-877C-B7ADE32175F8}.Release|Win32.ActiveCfg = Release|Win32
		{06BE01E6-7DC0-4D83-877C-B7ADE32175F8}.Release|Win32.Build.0 = Release|Win32
		{06BE01E6-7DC0-4D83-877C-B7ADE32175F8}.Release|x64.ActiveCfg = Release|x64
		{06BE01E6-7DC0-4D83-877C-B7ADE32175F8}.Release|x64.Build.0 = Release|x64
	EndGlobalSection
	GlobalSection(SolutionProperties) = preSolution
		HideSolutionNode = FALSE
	EndGlobalSection
	GlobalSection(NestedProjects) = preSolution
		{8A81CE3C-B2EA-48AF-99DF-1C08A8AB08D0} = {BACEBE7C-6993-4AA7-9667-CF4049EA4EF2}
		{7EF4D5DD-4136-42AB-893B-BE75B63A2217} = {BACEBE7C-6993-4AA7-9667-CF4049EA4EF2}
		{CE97C32F-803C-47C0-909E-D6C09A1DCEF7} = {8A81CE3C-B2EA-48AF-99DF-1C08A8AB08D0}
		{C8DC84FC-A2D1-4D0E-9150-BF62C87BC603} = {8A81CE3C-B2EA-48AF-99DF-1C08A8AB08D0}
		{8E23ED24-ECD7-4950-8230-9FF7C6C684C4} = {8A81CE3C-B2EA-48AF-99DF-1C08A8AB08D0}
		{797917B6-C8C8-4D0A-A417-407894FECC97} = {8A81CE3C-B2EA-48AF-99DF-1C08A8AB08D0}
		{A0C8BA6C-C2B8-4AF0-A4CF-AABFE0F2DF97} = {8A81CE3C-B2EA-48AF-99DF-1C08A8AB08D0}
		{ED958D37-DAE2-4CA1-98AE-7C310DB3BC72} = {8A81CE3C-B2EA-48AF-99DF-1C08A8AB08D0}
		{CA4796B8-EE04-40C9-A1DE-4A6645856E6F} = {8A81CE3C-B2EA-48AF-99DF-1C08A8AB08D0}
		{F208D520-150C-4E92-8DFE-80D44E04162A} = {8A81CE3C-B2EA-48AF-99DF-1C08A8AB08D0}
		{FDE27834-8CD2-45A3-8A7C-95F0525E3BF9} = {8A81CE3C-B2EA-48AF-99DF-1C08A8AB08D0}
		{940E6B05-35E5-4FF2-BFB1-238FE6056069} = {8A81CE3C-B2EA-48AF-99DF-1C08A8AB08D0}
		{D50C8C1E-6148-4C36-9EB7-9AF2056D97F4} = {DBEA9EC3-3A66-4E5A-BFE9-46C82602C196}
		{D9387B45-34A6-4CB6-A1B0-563E3480CFF9} = {DBEA9EC3-3A66-4E5A-BFE9-46C82602C196}
		{9CF69DBB-650D-4423-8FD2-D291A71B6CC9} = {CE97C32F-803C-47C0-909E-D6C09A1DCEF7}
		{50FCE411-DA6E-432A-8224-265D52D09058} = {CE97C32F-803C-47C0-909E-D6C09A1DCEF7}
		{44774605-02E7-48B8-AB47-13AEBB4FF466} = {778DE947-6D4D-40AB-AECB-C670DDCF5B1A}
		{8DB0251E-F83F-4626-A50D-4F3295FA8753} = {778DE947-6D4D-40AB-AECB-C670DDCF5B1A}
		{6A6E122A-4151-4AF2-BBCB-2B4603CF029F} = {778DE947-6D4D-40AB-AECB-C670DDCF5B1A}
		{4ADCDBAB-CB02-4888-84AE-F9832323495D} = {44774605-02E7-48B8-AB47-13AEBB4FF466}
		{4ADCDBAF-CB02-4888-84AE-F9832323495D} = {44774605-02E7-48B8-AB47-13AEBB4FF466}
		{4ADCDBAE-CB02-4888-84AE-F9832323495D} = {44774605-02E7-48B8-AB47-13AEBB4FF466}
		{38CF1530-243C-4C81-9B0E-DCA51551AC81} = {49398389-E2E4-4E36-9F65-50417EAB8E59}
		{A39C2D17-4730-4C13-A2BE-8C012616E771} = {49398389-E2E4-4E36-9F65-50417EAB8E59}
	EndGlobalSection
EndGlobal
