<?xml version="1.0" encoding="utf-8"?>
<Project ToolsVersion="4.0" xmlns="http://schemas.microsoft.com/developer/msbuild/2003">
  <ItemGroup>
    <Filter Include="Source Files">
      <UniqueIdentifier>{4FC737F1-C7A5-4376-A066-2A32D752A2FF}</UniqueIdentifier>
      <Extensions>cpp;c;cc;cxx;def;odl;idl;hpj;bat;asm;asmx</Extensions>
    </Filter>
    <Filter Include="Header Files">
      <UniqueIdentifier>{93995380-89BD-4b04-88EB-625FBE52EBFB}</UniqueIdentifier>
      <Extensions>h;hpp;hxx;hm;inl;inc;xsd</Extensions>
    </Filter>
    <Filter Include="Resource Files">
      <UniqueIdentifier>{67DA6AB6-F800-4c08-8B7A-83BB121AAD01}</UniqueIdentifier>
      <Extensions>rc;ico;cur;bmp;dlg;rc2;rct;bin;rgs;gif;jpg;jpeg;jpe;resx;tiff;tif;png;wav</Extensions>
    </Filter>
    <Filter Include="Language Files">
      <UniqueIdentifier>{fce9b05b-0e4a-491f-85e3-5d2d3eedb985}</UniqueIdentifier>
    </Filter>
    <Filter Include="Help Files">
      <UniqueIdentifier>{a5e2dcb6-0c56-4b3e-9c1a-69056d3e6df3}</UniqueIdentifier>
    </Filter>
    <Filter Include="Configuration Files">
      <UniqueIdentifier>{37ec2998-357d-400d-9a03-b337c071592a}</UniqueIdentifier>
    </Filter>
  </ItemGroup>
  <ItemGroup>
    <ClCompile Include="Brackets.cpp">
      <Filter>Source Files</Filter>
    </ClCompile>
  </ItemGroup>
  <ItemGroup>
    <None Include="BracketsW.vc.def">
      <Filter>Source Files</Filter>
    </None>
    <None Include="changelog" />
  </ItemGroup>
  <ItemGroup>
    <ClInclude Include="Brackets.hpp">
      <Filter>Header Files</Filter>
    </ClInclude>
    <ClInclude Include="BrackLng.hpp">
      <Filter>Header Files</Filter>
    </ClInclude>
    <ClInclude Include="guid.hpp">
      <Filter>Header Files</Filter>
    </ClInclude>
    <ClInclude Include="version.hpp">
      <Filter>Header Files</Filter>
    </ClInclude>
  </ItemGroup>
  <ItemGroup>
    <ResourceCompile Include="Brackets.rc">
      <Filter>Resource Files</Filter>
    </ResourceCompile>
  </ItemGroup>
  <ItemGroup>
    <CustomBuild Include="BrackEng.lng">
      <Filter>Language Files</Filter>
    </CustomBuild>
    <CustomBuild Include="BrackRus.lng">
      <Filter>Language Files</Filter>
    </CustomBuild>
    <CustomBuild Include="BrackSky.lng">
      <Filter>Language Files</Filter>
    </CustomBuild>
    <CustomBuild Include="BrackEng.hlf">
      <Filter>Help Files</Filter>
    </CustomBuild>
    <CustomBuild Include="BrackRus.hlf">
      <Filter>Help Files</Filter>
    </CustomBuild>
    <CustomBuild Include="BrackEng.lua">
      <Filter>Configuration Files</Filter>
    </CustomBuild>
    <CustomBuild Include="BrackRus.lua">
      <Filter>Configuration Files</Filter>
    </CustomBuild>
  </ItemGroup>
</Project>