
Microsoft Visual Studio Solution File, Format Version 10.00
# Visual Studio 2008
Project("{8BC9CEB8-8B4A-11D0-8D11-00A0C91BC942}") = "newarc.VS2008", "newarc.VS2008.vcproj", "{F91422A5-993D-40CC-B42A-0E3D2510BFEE}"
EndProject
Global
	GlobalSection(SolutionConfigurationPlatforms) = preSolution
		Debug|Win32 = Debug|Win32
		Release|Win32 = Release|Win32
	EndGlobalSection
	GlobalSection(ProjectConfigurationPlatforms) = postSolution
		{F91422A5-993D-40CC-B42A-0E3D2510BFEE}.Debug|Win32.ActiveCfg = Debug|Win32
		{F91422A5-993D-40CC-B42A-0E3D2510BFEE}.Debug|Win32.Build.0 = Debug|Win32
		{F91422A5-993D-40CC-B42A-0E3D2510BFEE}.Release|Win32.ActiveCfg = Release|Win32
		{F91422A5-993D-40CC-B42A-0E3D2510BFEE}.Release|Win32.Build.0 = Release|Win32
	EndGlobalSection
	GlobalSection(SolutionProperties) = preSolution
		HideSolutionNode = FALSE
	EndGlobalSection
EndGlobal
