<?xml version="1.0" encoding="utf-8"?>
<Project ToolsVersion="4.0" xmlns="http://schemas.microsoft.com/developer/msbuild/2003">
  <ItemGroup>
    <Filter Include="Source Files">
      <UniqueIdentifier>{4FC737F1-C7A5-4376-A066-2A32D752A2FF}</UniqueIdentifier>
      <Extensions>cpp;c;cc;cxx;def;odl;idl;hpj;bat;asm;asmx</Extensions>
    </Filter>
    <Filter Include="Header Files">
      <UniqueIdentifier>{93995380-89BD-4b04-88EB-625FBE52EBFB}</UniqueIdentifier>
      <Extensions>h;hpp;hxx;hm;inl;inc;xsd</Extensions>
    </Filter>
  </ItemGroup>
  <ItemGroup>
    <ClCompile Include="calloc.cpp">
      <Filter>Source Files</Filter>
    </ClCompile>
    <ClCompile Include="delete.cpp">
      <Filter>Source Files</Filter>
    </ClCompile>
    <ClCompile Include="delete_array.cpp">
      <Filter>Source Files</Filter>
    </ClCompile>
    <ClCompile Include="free.cpp">
      <Filter>Source Files</Filter>
    </ClCompile>
    <ClCompile Include="i64toa.cpp">
      <Filter>Source Files</Filter>
    </ClCompile>
    <ClCompile Include="malloc.cpp">
      <Filter>Source Files</Filter>
    </ClCompile>
    <ClCompile Include="memchr.cpp">
      <Filter>Source Files</Filter>
    </ClCompile>
    <ClCompile Include="memcmp.cpp">
      <Filter>Source Files</Filter>
    </ClCompile>
    <ClCompile Include="memcpy.cpp">
      <Filter>Source Files</Filter>
    </ClCompile>
    <ClCompile Include="memicmp.cpp">
      <Filter>Source Files</Filter>
    </ClCompile>
    <ClCompile Include="memmove.cpp">
      <Filter>Source Files</Filter>
    </ClCompile>
    <ClCompile Include="memset.cpp">
      <Filter>Source Files</Filter>
    </ClCompile>
    <ClCompile Include="new.cpp">
      <Filter>Source Files</Filter>
    </ClCompile>
    <ClCompile Include="new_array.cpp">
      <Filter>Source Files</Filter>
    </ClCompile>
    <ClCompile Include="realloc.cpp">
      <Filter>Source Files</Filter>
    </ClCompile>
    <ClCompile Include="strchr.cpp">
      <Filter>Source Files</Filter>
    </ClCompile>
    <ClCompile Include="strcpy.cpp">
      <Filter>Source Files</Filter>
    </ClCompile>
    <ClCompile Include="strcspn.cpp">
      <Filter>Source Files</Filter>
    </ClCompile>
    <ClCompile Include="strdup.cpp">
      <Filter>Source Files</Filter>
    </ClCompile>
    <ClCompile Include="strncat.cpp">
      <Filter>Source Files</Filter>
    </ClCompile>
    <ClCompile Include="strncmp.cpp">
      <Filter>Source Files</Filter>
    </ClCompile>
    <ClCompile Include="strncpy.cpp">
      <Filter>Source Files</Filter>
    </ClCompile>
    <ClCompile Include="strpbrk.cpp">
      <Filter>Source Files</Filter>
    </ClCompile>
    <ClCompile Include="strrchr.cpp">
      <Filter>Source Files</Filter>
    </ClCompile>
    <ClCompile Include="strstr.cpp">
      <Filter>Source Files</Filter>
    </ClCompile>
    <ClCompile Include="strtok.cpp">
      <Filter>Source Files</Filter>
    </ClCompile>
    <ClCompile Include="strtol.cpp">
      <Filter>Source Files</Filter>
    </ClCompile>
    <ClCompile Include="swab.cpp">
      <Filter>Source Files</Filter>
    </ClCompile>
  </ItemGroup>
  <ItemGroup>
    <ClInclude Include="crt.hpp">
      <Filter>Header Files</Filter>
    </ClInclude>
  </ItemGroup>
  <ItemGroup>
    <None Include="changelog" />
  </ItemGroup>
  <ItemGroup>
    <MASM Include="vc_ullrem.asm">
      <Filter>Source Files</Filter>
    </MASM>
    <MASM Include="vc_ulldvrm.asm">
      <Filter>Source Files</Filter>
    </MASM>
    <MASM Include="vc_ulldiv.asm">
      <Filter>Source Files</Filter>
    </MASM>
    <MASM Include="vc_llshr.asm">
      <Filter>Source Files</Filter>
    </MASM>
    <MASM Include="vc_llshl.asm">
      <Filter>Source Files</Filter>
    </MASM>
    <MASM Include="vc_llrem.asm">
      <Filter>Source Files</Filter>
    </MASM>
    <MASM Include="vc_llmul.asm">
      <Filter>Source Files</Filter>
    </MASM>
    <MASM Include="vc_lldvrm.asm">
      <Filter>Source Files</Filter>
    </MASM>
    <MASM Include="vc_ullshr.asm">
      <Filter>Source Files</Filter>
    </MASM>
    <MASM Include="vc_lldiv.asm">
      <Filter>Source Files</Filter>
    </MASM>
  </ItemGroup>
</Project>