<?xml version="1.0" encoding="utf-8"?>
<Project ToolsVersion="15.0" xmlns="http://schemas.microsoft.com/developer/msbuild/2003">
  <ItemGroup>
    <Filter Include="Dependencies">
      <UniqueIdentifier>{ee8269df-ee5e-4cb1-b5e2-41705afcbbb0}</UniqueIdentifier>
      <Extensions>m4</Extensions>
    </Filter>
    <Filter Include="Generated Files">
      <UniqueIdentifier>{f8a0dd65-1b22-4c9a-b42c-418fb7254f7b}</UniqueIdentifier>
      <SourceControlFiles>False</SourceControlFiles>
    </Filter>
    <Filter Include="Header Files">
      <UniqueIdentifier>{0d74ff07-ebff-40b7-839c-6953ed4c6e2e}</UniqueIdentifier>
      <Extensions>h;hpp;hxx;hm;inl</Extensions>
    </Filter>
    <Filter Include="Header Files\platform.sdk">
      <UniqueIdentifier>{581cdf3b-8152-4a6b-8f7c-56cdd69d68a1}</UniqueIdentifier>
    </Filter>
    <Filter Include="Resource Files">
      <UniqueIdentifier>{ea54c485-1c1b-4a96-8b54-e32eda53c949}</UniqueIdentifier>
      <Extensions>ico;cur;bmp;dlg;rc2;rct;bin;rgs;gif;jpg;jpeg;jpe</Extensions>
    </Filter>
    <Filter Include="Source Files">
      <UniqueIdentifier>{4899c339-df6a-472f-863a-80899a0de10f}</UniqueIdentifier>
      <Extensions>cpp;c;cxx;rc;def;r;odl;idl;hpj;bat</Extensions>
    </Filter>
    <Filter Include="Header Files\common">
      <UniqueIdentifier>{ca030415-47e9-45af-a4e4-d9f85f7b220e}</UniqueIdentifier>
    </Filter>
    <Filter Include="Header Files\common\2d">
      <UniqueIdentifier>{48d61e8c-4499-4899-935c-29b328d7be2c}</UniqueIdentifier>
    </Filter>
    <Filter Include="Header Files\common\view">
      <UniqueIdentifier>{9ffceef1-367c-4a47-b676-76c5753d73a1}</UniqueIdentifier>
    </Filter>
  </ItemGroup>
  <ItemGroup>
    <ClCompile Include="cache.cpp">
      <Filter>Source Files</Filter>
    </ClCompile>
    <ClCompile Include="cddrv.cpp">
      <Filter>Source Files</Filter>
    </ClCompile>
    <ClCompile Include="char_width.cpp">
      <Filter>Source Files</Filter>
    </ClCompile>
    <ClCompile Include="clipboard.cpp">
      <Filter>Source Files</Filter>
    </ClCompile>
    <ClCompile Include="cmdline.cpp">
      <Filter>Source Files</Filter>
    </ClCompile>
    <ClCompile Include="codepage.cpp">
      <Filter>Source Files</Filter>
    </ClCompile>
    <ClCompile Include="codepage_selection.cpp">
      <Filter>Source Files</Filter>
    </ClCompile>
    <ClCompile Include="color_picker.cpp">
      <Filter>Source Files</Filter>
    </ClCompile>
    <ClCompile Include="color_picker_256.cpp">
      <Filter>Source Files</Filter>
    </ClCompile>
    <ClCompile Include="color_picker_rgb.cpp">
      <Filter>Source Files</Filter>
    </ClCompile>
    <ClCompile Include="colormix.cpp">
      <Filter>Source Files</Filter>
    </ClCompile>
    <ClCompile Include="common.tests.cpp">
      <Filter>Source Files</Filter>
    </ClCompile>
    <ClCompile Include="components.cpp">
      <Filter>Source Files</Filter>
    </ClCompile>
    <ClCompile Include="config.cpp">
      <Filter>Source Files</Filter>
    </ClCompile>
    <ClCompile Include="configdb.cpp">
      <Filter>Source Files</Filter>
    </ClCompile>
    <ClCompile Include="console.cpp">
      <Filter>Source Files</Filter>
    </ClCompile>
    <ClCompile Include="console_session.cpp">
      <Filter>Source Files</Filter>
    </ClCompile>
    <ClCompile Include="constitle.cpp">
      <Filter>Source Files</Filter>
    </ClCompile>
    <ClCompile Include="copy.cpp">
      <Filter>Source Files</Filter>
    </ClCompile>
    <ClCompile Include="copy_progress.cpp">
      <Filter>Source Files</Filter>
    </ClCompile>
    <ClCompile Include="ctrlobj.cpp">
      <Filter>Source Files</Filter>
    </ClCompile>
    <ClCompile Include="cvtname.cpp">
      <Filter>Source Files</Filter>
    </ClCompile>
    <ClCompile Include="datetime.cpp">
      <Filter>Source Files</Filter>
    </ClCompile>
    <ClCompile Include="delete.cpp">
      <Filter>Source Files</Filter>
    </ClCompile>
    <ClCompile Include="desktop.cpp">
      <Filter>Source Files</Filter>
    </ClCompile>
    <ClCompile Include="dialog.cpp">
      <Filter>Source Files</Filter>
    </ClCompile>
    <ClCompile Include="dirinfo.cpp">
      <Filter>Source Files</Filter>
    </ClCompile>
    <ClCompile Include="dirmix.cpp">
      <Filter>Source Files</Filter>
    </ClCompile>
    <ClCompile Include="diskmenu.cpp">
      <Filter>Source Files</Filter>
    </ClCompile>
    <ClCompile Include="dizlist.cpp">
      <Filter>Source Files</Filter>
    </ClCompile>
    <ClCompile Include="dlgedit.cpp">
      <Filter>Source Files</Filter>
    </ClCompile>
    <ClCompile Include="drivemix.cpp">
      <Filter>Source Files</Filter>
    </ClCompile>
    <ClCompile Include="edit.cpp">
      <Filter>Source Files</Filter>
    </ClCompile>
    <ClCompile Include="editcontrol.cpp">
      <Filter>Source Files</Filter>
    </ClCompile>
    <ClCompile Include="editor.cpp">
      <Filter>Source Files</Filter>
    </ClCompile>
    <ClCompile Include="eject.cpp">
      <Filter>Source Files</Filter>
    </ClCompile>
    <ClCompile Include="elevation.cpp">
      <Filter>Source Files</Filter>
    </ClCompile>
    <ClCompile Include="encoding.cpp">
      <Filter>Source Files</Filter>
    </ClCompile>
    <ClCompile Include="eol.cpp">
      <Filter>Source Files</Filter>
    </ClCompile>
    <ClCompile Include="exception.cpp">
      <Filter>Source Files</Filter>
    </ClCompile>
    <ClCompile Include="exception_handler.cpp">
      <Filter>Source Files</Filter>
    </ClCompile>
    <ClCompile Include="exception_handler_test.cpp">
      <Filter>Source Files</Filter>
    </ClCompile>
    <ClCompile Include="execute.cpp">
      <Filter>Source Files</Filter>
    </ClCompile>
    <ClCompile Include="FarDlgBuilder.cpp">
      <Filter>Source Files</Filter>
    </ClCompile>
    <ClCompile Include="farversion.cpp">
      <Filter>Source Files</Filter>
    </ClCompile>
    <ClCompile Include="fastfind.cpp">
      <Filter>Source Files</Filter>
    </ClCompile>
    <ClCompile Include="file_io.cpp">
      <Filter>Source Files</Filter>
    </ClCompile>
    <ClCompile Include="fileattr.cpp">
      <Filter>Source Files</Filter>
    </ClCompile>
    <ClCompile Include="fileedit.cpp">
      <Filter>Source Files</Filter>
    </ClCompile>
    <ClCompile Include="filefilter.cpp">
      <Filter>Source Files</Filter>
    </ClCompile>
    <ClCompile Include="filefilterparams.cpp">
      <Filter>Source Files</Filter>
    </ClCompile>
    <ClCompile Include="filelist.cpp">
      <Filter>Source Files</Filter>
    </ClCompile>
    <ClCompile Include="filemasks.cpp">
      <Filter>Source Files</Filter>
    </ClCompile>
    <ClCompile Include="fileowner.cpp">
      <Filter>Source Files</Filter>
    </ClCompile>
    <ClCompile Include="filepanels.cpp">
      <Filter>Source Files</Filter>
    </ClCompile>
    <ClCompile Include="filestr.cpp">
      <Filter>Source Files</Filter>
    </ClCompile>
    <ClCompile Include="filesystemwatcher.cpp">
      <Filter>Source Files</Filter>
    </ClCompile>
    <ClCompile Include="filetype.cpp">
      <Filter>Source Files</Filter>
    </ClCompile>
    <ClCompile Include="fileview.cpp">
      <Filter>Source Files</Filter>
    </ClCompile>
    <ClCompile Include="findfile.cpp">
      <Filter>Source Files</Filter>
    </ClCompile>
    <ClCompile Include="flink.cpp">
      <Filter>Source Files</Filter>
    </ClCompile>
    <ClCompile Include="fnparce.cpp">
      <Filter>Source Files</Filter>
    </ClCompile>
    <ClCompile Include="foldtree.cpp">
      <Filter>Source Files</Filter>
    </ClCompile>
    <ClCompile Include="format.cpp">
      <Filter>Source Files</Filter>
    </ClCompile>
    <ClCompile Include="global.cpp">
      <Filter>Source Files</Filter>
    </ClCompile>
    <ClCompile Include="grabber.cpp">
      <Filter>Source Files</Filter>
    </ClCompile>
    <ClCompile Include="headers.cpp">
      <Filter>Source Files</Filter>
    </ClCompile>
    <ClCompile Include="help.cpp">
      <Filter>Source Files</Filter>
    </ClCompile>
    <ClCompile Include="hilight.cpp">
      <Filter>Source Files</Filter>
    </ClCompile>
    <ClCompile Include="history.cpp">
      <Filter>Source Files</Filter>
    </ClCompile>
    <ClCompile Include="hmenu.cpp">
      <Filter>Source Files</Filter>
    </ClCompile>
    <ClCompile Include="hook_wow64.cpp">
      <Filter>Source Files</Filter>
    </ClCompile>
    <ClCompile Include="hotplug.cpp">
      <Filter>Source Files</Filter>
    </ClCompile>
    <ClCompile Include="imports.cpp">
      <Filter>Source Files</Filter>
    </ClCompile>
    <ClCompile Include="infolist.cpp">
      <Filter>Source Files</Filter>
    </ClCompile>
    <ClCompile Include="initguid.cpp">
      <Filter>Source Files</Filter>
    </ClCompile>
    <ClCompile Include="interf.cpp">
      <Filter>Source Files</Filter>
    </ClCompile>
    <ClCompile Include="keybar.cpp">
      <Filter>Source Files</Filter>
    </ClCompile>
    <ClCompile Include="keyboard.cpp">
      <Filter>Source Files</Filter>
    </ClCompile>
    <ClCompile Include="language.cpp">
      <Filter>Source Files</Filter>
    </ClCompile>
    <ClCompile Include="locale.cpp">
      <Filter>Source Files</Filter>
    </ClCompile>
    <ClCompile Include="lockscrn.cpp">
      <Filter>Source Files</Filter>
    </ClCompile>
    <ClCompile Include="log.cpp">
      <Filter>Source Files</Filter>
    </ClCompile>
    <ClCompile Include="macro.cpp">
      <Filter>Source Files</Filter>
    </ClCompile>
    <ClCompile Include="macroapi.cpp">
      <Filter>Source Files</Filter>
    </ClCompile>
    <ClCompile Include="main.cpp">
      <Filter>Source Files</Filter>
    </ClCompile>
    <ClCompile Include="manager.cpp">
      <Filter>Source Files</Filter>
    </ClCompile>
    <ClCompile Include="map_file.cpp">
      <Filter>Source Files</Filter>
    </ClCompile>
    <ClCompile Include="memcheck.cpp">
      <Filter>Source Files</Filter>
    </ClCompile>
    <ClCompile Include="menubar.cpp">
      <Filter>Source Files</Filter>
    </ClCompile>
    <ClCompile Include="message.cpp">
      <Filter>Source Files</Filter>
    </ClCompile>
    <ClCompile Include="mix.cpp">
      <Filter>Source Files</Filter>
    </ClCompile>
    <ClCompile Include="mkdir.cpp">
      <Filter>Source Files</Filter>
    </ClCompile>
    <ClCompile Include="modal.cpp">
      <Filter>Source Files</Filter>
    </ClCompile>
    <ClCompile Include="namelist.cpp">
      <Filter>Source Files</Filter>
    </ClCompile>
    <ClCompile Include="network.cpp">
      <Filter>Source Files</Filter>
    </ClCompile>
    <ClCompile Include="new_handler.cpp">
      <Filter>Source Files</Filter>
    </ClCompile>
    <ClCompile Include="notification.cpp">
      <Filter>Source Files</Filter>
    </ClCompile>
    <ClCompile Include="nsUniversalDetectorEx.cpp">
      <Filter>Source Files</Filter>
    </ClCompile>
    <ClCompile Include="palette.cpp">
      <Filter>Source Files</Filter>
    </ClCompile>
    <ClCompile Include="panel.cpp">
      <Filter>Source Files</Filter>
    </ClCompile>
    <ClCompile Include="panelmix.cpp">
      <Filter>Source Files</Filter>
    </ClCompile>
    <ClCompile Include="pathmix.cpp">
      <Filter>Source Files</Filter>
    </ClCompile>
    <ClCompile Include="pipe.cpp">
      <Filter>Source Files</Filter>
    </ClCompile>
    <ClCompile Include="platform.chrono.cpp">
      <Filter>Source Files</Filter>
    </ClCompile>
    <ClCompile Include="platform.clipboard.cpp">
      <Filter>Source Files</Filter>
    </ClCompile>
    <ClCompile Include="platform.com.cpp">
      <Filter>Source Files</Filter>
    </ClCompile>
    <ClCompile Include="platform.concurrency.cpp">
      <Filter>Source Files</Filter>
    </ClCompile>
    <ClCompile Include="platform.cpp">
      <Filter>Source Files</Filter>
    </ClCompile>
    <ClCompile Include="platform.debug.cpp">
      <Filter>Source Files</Filter>
    </ClCompile>
    <ClCompile Include="platform.env.cpp">
      <Filter>Source Files</Filter>
    </ClCompile>
    <ClCompile Include="platform.fs.cpp">
      <Filter>Source Files</Filter>
    </ClCompile>
    <ClCompile Include="platform.memory.cpp">
      <Filter>Source Files</Filter>
    </ClCompile>
    <ClCompile Include="platform.process.cpp">
      <Filter>Source Files</Filter>
    </ClCompile>
    <ClCompile Include="platform.reg.cpp">
      <Filter>Source Files</Filter>
    </ClCompile>
    <ClCompile Include="platform.security.cpp">
      <Filter>Source Files</Filter>
    </ClCompile>
    <ClCompile Include="platform.version.cpp">
      <Filter>Source Files</Filter>
    </ClCompile>
    <ClCompile Include="plclass.cpp">
      <Filter>Source Files</Filter>
    </ClCompile>
    <ClCompile Include="plist.cpp">
      <Filter>Source Files</Filter>
    </ClCompile>
    <ClCompile Include="plugapi.cpp">
      <Filter>Source Files</Filter>
    </ClCompile>
    <ClCompile Include="PluginA.cpp">
      <Filter>Source Files</Filter>
    </ClCompile>
    <ClCompile Include="plugins.cpp">
      <Filter>Source Files</Filter>
    </ClCompile>
    <ClCompile Include="plugsettings.cpp">
      <Filter>Source Files</Filter>
    </ClCompile>
    <ClCompile Include="poscache.cpp">
      <Filter>Source Files</Filter>
    </ClCompile>
    <ClCompile Include="preservelongname.cpp">
      <Filter>Source Files</Filter>
    </ClCompile>
    <ClCompile Include="preservestyle.cpp">
      <Filter>Source Files</Filter>
    </ClCompile>
    <ClCompile Include="print.cpp">
      <Filter>Source Files</Filter>
    </ClCompile>
    <ClCompile Include="processname.cpp">
      <Filter>Source Files</Filter>
    </ClCompile>
    <ClCompile Include="qview.cpp">
      <Filter>Source Files</Filter>
    </ClCompile>
    <ClCompile Include="refreshwindowmanager.cpp">
      <Filter>Source Files</Filter>
    </ClCompile>
    <ClCompile Include="RegExp.cpp">
      <Filter>Source Files</Filter>
    </ClCompile>
    <ClCompile Include="savescr.cpp">
      <Filter>Source Files</Filter>
    </ClCompile>
    <ClCompile Include="scantree.cpp">
      <Filter>Source Files</Filter>
    </ClCompile>
    <ClCompile Include="scrbuf.cpp">
      <Filter>Source Files</Filter>
    </ClCompile>
    <ClCompile Include="scrobj.cpp">
      <Filter>Source Files</Filter>
    </ClCompile>
    <ClCompile Include="scrsaver.cpp">
      <Filter>Source Files</Filter>
    </ClCompile>
    <ClCompile Include="setattr.cpp">
      <Filter>Source Files</Filter>
    </ClCompile>
    <ClCompile Include="setcolor.cpp">
      <Filter>Source Files</Filter>
    </ClCompile>
    <ClCompile Include="shortcuts.cpp">
      <Filter>Source Files</Filter>
    </ClCompile>
    <ClCompile Include="sqlitedb.cpp">
      <Filter>Source Files</Filter>
    </ClCompile>
    <ClCompile Include="stddlg.cpp">
      <Filter>Source Files</Filter>
    </ClCompile>
    <ClCompile Include="string_sort.cpp">
      <Filter>Source Files</Filter>
    </ClCompile>
    <ClCompile Include="string_utils.cpp">
      <Filter>Source Files</Filter>
    </ClCompile>
    <ClCompile Include="strmix.cpp">
      <Filter>Source Files</Filter>
    </ClCompile>
    <ClCompile Include="taskbar.cpp">
      <Filter>Source Files</Filter>
    </ClCompile>
    <ClCompile Include="testing.cpp">
      <Filter>Source Files</Filter>
    </ClCompile>
    <ClCompile Include="tinyxml.cpp">
      <Filter>Source Files</Filter>
    </ClCompile>
    <ClCompile Include="tracer.cpp">
      <Filter>Source Files</Filter>
    </ClCompile>
    <ClCompile Include="treelist.cpp">
      <Filter>Source Files</Filter>
    </ClCompile>
    <ClCompile Include="tvar.cpp">
      <Filter>Source Files</Filter>
    </ClCompile>
    <ClCompile Include="usermenu.cpp">
      <Filter>Source Files</Filter>
    </ClCompile>
    <ClCompile Include="vc_crt_fix_impl.cpp">
      <Filter>Source Files</Filter>
    </ClCompile>
    <ClCompile Include="viewer.cpp">
      <Filter>Source Files</Filter>
    </ClCompile>
    <ClCompile Include="vmenu.cpp">
      <Filter>Source Files</Filter>
    </ClCompile>
    <ClCompile Include="vmenu2.cpp">
      <Filter>Source Files</Filter>
    </ClCompile>
    <ClCompile Include="window.cpp">
      <Filter>Source Files</Filter>
    </ClCompile>
    <ClCompile Include="wm_listener.cpp">
      <Filter>Source Files</Filter>
    </ClCompile>
    <ClCompile Include="xlat.cpp">
      <Filter>Source Files</Filter>
    </ClCompile>
  </ItemGroup>
  <ItemGroup>
    <ClInclude Include="bitflags.hpp">
      <Filter>Header Files</Filter>
    </ClInclude>
    <ClInclude Include="cache.hpp">
      <Filter>Header Files</Filter>
    </ClInclude>
    <ClInclude Include="cddrv.hpp">
      <Filter>Header Files</Filter>
    </ClInclude>
    <ClInclude Include="char_width.hpp">
      <Filter>Header Files</Filter>
    </ClInclude>
    <ClInclude Include="clipboard.hpp">
      <Filter>Header Files</Filter>
    </ClInclude>
    <ClInclude Include="cmdline.hpp">
      <Filter>Header Files</Filter>
    </ClInclude>
    <ClInclude Include="codepage.hpp">
      <Filter>Header Files</Filter>
    </ClInclude>
    <ClInclude Include="codepage_selection.hpp">
      <Filter>Header Files</Filter>
    </ClInclude>
    <ClInclude Include="color_picker.hpp">
      <Filter>Header Files</Filter>
    </ClInclude>
    <ClInclude Include="color_picker_common.hpp">
      <Filter>Header Files</Filter>
    </ClInclude>
    <ClInclude Include="color_picker_256.hpp">
      <Filter>Header Files</Filter>
    </ClInclude>
    <ClInclude Include="color_picker_rgb.hpp">
      <Filter>Header Files</Filter>
    </ClInclude>
    <ClInclude Include="colormix.hpp">
      <Filter>Header Files</Filter>
    </ClInclude>
    <ClInclude Include="common.hpp">
      <Filter>Header Files</Filter>
    </ClInclude>
    <ClInclude Include="common\2d\algorithm.hpp">
      <Filter>Header Files\common\2d</Filter>
    </ClInclude>
    <ClInclude Include="common\2d\matrix.hpp">
      <Filter>Header Files\common\2d</Filter>
    </ClInclude>
    <ClInclude Include="common\2d\point.hpp">
      <Filter>Header Files\common\2d</Filter>
    </ClInclude>
    <ClInclude Include="common\2d\rectangle.hpp">
      <Filter>Header Files\common\2d</Filter>
    </ClInclude>
    <ClInclude Include="common\view\enumerate.hpp">
      <Filter>Header Files\common\view</Filter>
    </ClInclude>
    <ClInclude Include="common\view\zip.hpp">
      <Filter>Header Files\common\view</Filter>
    </ClInclude>
    <ClInclude Include="common\algorithm.hpp">
      <Filter>Header Files\common</Filter>
    </ClInclude>
    <ClInclude Include="common\base64.hpp">
      <Filter>Header Files\common</Filter>
    </ClInclude>
    <ClInclude Include="common\bytes_view.hpp">
      <Filter>Header Files\common</Filter>
    </ClInclude>
    <ClInclude Include="common\chrono.hpp">
      <Filter>Header Files\common</Filter>
    </ClInclude>
    <ClInclude Include="common\compiler.hpp">
      <Filter>Header Files\common</Filter>
    </ClInclude>
    <ClInclude Include="common\cpp.hpp">
      <Filter>Header Files\common</Filter>
    </ClInclude>
    <ClInclude Include="common\enum_substrings.hpp">
      <Filter>Header Files\common</Filter>
    </ClInclude>
    <ClInclude Include="common\enum_tokens.hpp">
      <Filter>Header Files\common</Filter>
    </ClInclude>
    <ClInclude Include="common\enumerator.hpp">
      <Filter>Header Files\common</Filter>
    </ClInclude>
    <ClInclude Include="common\from_string.hpp">
      <Filter>Header Files\common</Filter>
    </ClInclude>
    <ClInclude Include="common\function_ref.hpp">
      <Filter>Header Files\common</Filter>
    </ClInclude>
    <ClInclude Include="common\function_traits.hpp">
      <Filter>Header Files\common</Filter>
    </ClInclude>
    <ClInclude Include="common\io.hpp">
      <Filter>Header Files\common</Filter>
    </ClInclude>
    <ClInclude Include="common\keep_alive.hpp">
      <Filter>Header Files\common</Filter>
    </ClInclude>
    <ClInclude Include="common\lazy.hpp">
      <Filter>Header Files\common</Filter>
    </ClInclude>
    <ClInclude Include="common\library.hpp">
      <Filter>Header Files\common</Filter>
    </ClInclude>
    <ClInclude Include="common\monitored.hpp">
      <Filter>Header Files\common</Filter>
    </ClInclude>
    <ClInclude Include="common\movable.hpp">
      <Filter>Header Files\common</Filter>
    </ClInclude>
    <ClInclude Include="common\multifunction.hpp">
      <Filter>Header Files\common</Filter>
    </ClInclude>
    <ClInclude Include="common\nifty_counter.hpp">
      <Filter>Header Files\common</Filter>
    </ClInclude>
    <ClInclude Include="common\noncopyable.hpp">
      <Filter>Header Files\common</Filter>
    </ClInclude>
    <ClInclude Include="common\null_iterator.hpp">
      <Filter>Header Files\common</Filter>
    </ClInclude>
    <ClInclude Include="common\placement.hpp">
      <Filter>Header Files\common</Filter>
    </ClInclude>
    <ClInclude Include="common\preprocessor.hpp">
      <Filter>Header Files\common</Filter>
    </ClInclude>
    <ClInclude Include="common\scope_exit.hpp">
      <Filter>Header Files\common</Filter>
    </ClInclude>
    <ClInclude Include="common\singleton.hpp">
      <Filter>Header Files\common</Filter>
    </ClInclude>
    <ClInclude Include="common\smart_ptr.hpp">
      <Filter>Header Files\common</Filter>
    </ClInclude>
    <ClInclude Include="common\source_location.hpp">
      <Filter>Header Files\common</Filter>
    </ClInclude>
    <ClInclude Include="common\span.hpp">
      <Filter>Header Files\common</Filter>
    </ClInclude>
    <ClInclude Include="common\string_utils.hpp">
      <Filter>Header Files\common</Filter>
    </ClInclude>
    <ClInclude Include="common\type_traits.hpp">
      <Filter>Header Files\common</Filter>
    </ClInclude>
    <ClInclude Include="common\utility.hpp">
      <Filter>Header Files\common</Filter>
    </ClInclude>
    <ClInclude Include="common\uuid.hpp">
      <Filter>Header Files\common</Filter>
    </ClInclude>
    <ClInclude Include="components.hpp">
      <Filter>Header Files</Filter>
    </ClInclude>
    <ClInclude Include="config.hpp">
      <Filter>Header Files</Filter>
    </ClInclude>
    <ClInclude Include="configdb.hpp">
      <Filter>Header Files</Filter>
    </ClInclude>
    <ClInclude Include="console.hpp">
      <Filter>Header Files</Filter>
    </ClInclude>
    <ClInclude Include="console_session.hpp">
      <Filter>Header Files</Filter>
    </ClInclude>
    <ClInclude Include="constitle.hpp">
      <Filter>Header Files</Filter>
    </ClInclude>
    <ClInclude Include="copy.hpp">
      <Filter>Header Files</Filter>
    </ClInclude>
    <ClInclude Include="copy_progress.hpp">
      <Filter>Header Files</Filter>
    </ClInclude>
    <ClInclude Include="ctrlobj.hpp">
      <Filter>Header Files</Filter>
    </ClInclude>
    <ClInclude Include="cvtname.hpp">
      <Filter>Header Files</Filter>
    </ClInclude>
    <ClInclude Include="datetime.hpp">
      <Filter>Header Files</Filter>
    </ClInclude>
    <ClInclude Include="delete.hpp">
      <Filter>Header Files</Filter>
    </ClInclude>
    <ClInclude Include="desktop.hpp">
      <Filter>Header Files</Filter>
    </ClInclude>
    <ClInclude Include="dialog.hpp">
      <Filter>Header Files</Filter>
    </ClInclude>
    <ClInclude Include="dirinfo.hpp">
      <Filter>Header Files</Filter>
    </ClInclude>
    <ClInclude Include="dirmix.hpp">
      <Filter>Header Files</Filter>
    </ClInclude>
    <ClInclude Include="disable_warnings_in_std_begin.hpp">
      <Filter>Header Files</Filter>
    </ClInclude>
    <ClInclude Include="disable_warnings_in_std_end.hpp">
      <Filter>Header Files</Filter>
    </ClInclude>
    <ClInclude Include="disabled_warnings.hpp">
      <Filter>Header Files</Filter>
    </ClInclude>
    <ClInclude Include="diskmenu.hpp">
      <Filter>Header Files</Filter>
    </ClInclude>
    <ClInclude Include="dizlist.hpp">
      <Filter>Header Files</Filter>
    </ClInclude>
    <ClInclude Include="dizviewer.hpp">
      <Filter>Header Files</Filter>
    </ClInclude>
    <ClInclude Include="dlgedit.hpp">
      <Filter>Header Files</Filter>
    </ClInclude>
    <ClInclude Include="drivemix.hpp">
      <Filter>Header Files</Filter>
    </ClInclude>
    <ClInclude Include="edit.hpp">
      <Filter>Header Files</Filter>
    </ClInclude>
    <ClInclude Include="editcontrol.hpp">
      <Filter>Header Files</Filter>
    </ClInclude>
    <ClInclude Include="editor.hpp">
      <Filter>Header Files</Filter>
    </ClInclude>
    <ClInclude Include="eject.hpp">
      <Filter>Header Files</Filter>
    </ClInclude>
    <ClInclude Include="elevation.hpp">
      <Filter>Header Files</Filter>
    </ClInclude>
    <ClInclude Include="encoding.hpp">
      <Filter>Header Files</Filter>
    </ClInclude>
    <ClInclude Include="eol.hpp">
      <Filter>Header Files</Filter>
    </ClInclude>
    <ClInclude Include="exception.hpp">
      <Filter>Header Files</Filter>
    </ClInclude>
    <ClInclude Include="exception_handler.hpp">
      <Filter>Header Files</Filter>
    </ClInclude>
    <ClInclude Include="exception_handler_test.hpp">
      <Filter>Header Files</Filter>
    </ClInclude>
    <ClInclude Include="execute.hpp">
      <Filter>Header Files</Filter>
    </ClInclude>
    <ClInclude Include="exitcode.hpp">
      <Filter>Header Files</Filter>
    </ClInclude>
    <ClInclude Include="FarDlgBuilder.hpp">
      <Filter>Header Files</Filter>
    </ClInclude>
    <ClInclude Include="farversion.hpp">
      <Filter>Header Files</Filter>
    </ClInclude>
    <ClInclude Include="fastfind.hpp">
      <Filter>Header Files</Filter>
    </ClInclude>
    <ClInclude Include="file_io.hpp">
      <Filter>Header Files</Filter>
    </ClInclude>
    <ClInclude Include="fileattr.hpp">
      <Filter>Header Files</Filter>
    </ClInclude>
    <ClInclude Include="fileedit.hpp">
      <Filter>Header Files</Filter>
    </ClInclude>
    <ClInclude Include="filefilter.hpp">
      <Filter>Header Files</Filter>
    </ClInclude>
    <ClInclude Include="filefilterparams.hpp">
      <Filter>Header Files</Filter>
    </ClInclude>
    <ClInclude Include="filelist.hpp">
      <Filter>Header Files</Filter>
    </ClInclude>
    <ClInclude Include="filemasks.hpp">
      <Filter>Header Files</Filter>
    </ClInclude>
    <ClInclude Include="fileowner.hpp">
      <Filter>Header Files</Filter>
    </ClInclude>
    <ClInclude Include="filepanels.hpp">
      <Filter>Header Files</Filter>
    </ClInclude>
    <ClInclude Include="filestr.hpp">
      <Filter>Header Files</Filter>
    </ClInclude>
    <ClInclude Include="filesystemwatcher.hpp">
      <Filter>Header Files</Filter>
    </ClInclude>
    <ClInclude Include="filetype.hpp">
      <Filter>Header Files</Filter>
    </ClInclude>
    <ClInclude Include="fileview.hpp">
      <Filter>Header Files</Filter>
    </ClInclude>
    <ClInclude Include="findfile.hpp">
      <Filter>Header Files</Filter>
    </ClInclude>
    <ClInclude Include="flink.hpp">
      <Filter>Header Files</Filter>
    </ClInclude>
    <ClInclude Include="fnparce.hpp">
      <Filter>Header Files</Filter>
    </ClInclude>
    <ClInclude Include="foldtree.hpp">
      <Filter>Header Files</Filter>
    </ClInclude>
    <ClInclude Include="format.hpp">
      <Filter>Header Files</Filter>
    </ClInclude>
    <ClInclude Include="global.hpp">
      <Filter>Header Files</Filter>
    </ClInclude>
    <ClInclude Include="grabber.hpp">
      <Filter>Header Files</Filter>
    </ClInclude>
    <ClInclude Include="headers.hpp">
      <Filter>Header Files</Filter>
    </ClInclude>
    <ClInclude Include="help.hpp">
      <Filter>Header Files</Filter>
    </ClInclude>
    <ClInclude Include="hilight.hpp">
      <Filter>Header Files</Filter>
    </ClInclude>
    <ClInclude Include="history.hpp">
      <Filter>Header Files</Filter>
    </ClInclude>
    <ClInclude Include="hmenu.hpp">
      <Filter>Header Files</Filter>
    </ClInclude>
    <ClInclude Include="hotplug.hpp">
      <Filter>Header Files</Filter>
    </ClInclude>
    <ClInclude Include="imports.hpp">
      <Filter>Header Files</Filter>
    </ClInclude>
    <ClInclude Include="infolist.hpp">
      <Filter>Header Files</Filter>
    </ClInclude>
    <ClInclude Include="interf.hpp">
      <Filter>Header Files</Filter>
    </ClInclude>
    <ClInclude Include="keybar.hpp">
      <Filter>Header Files</Filter>
    </ClInclude>
    <ClInclude Include="keyboard.hpp">
      <Filter>Header Files</Filter>
    </ClInclude>
    <ClInclude Include="keys.hpp">
      <Filter>Header Files</Filter>
    </ClInclude>
    <ClInclude Include="uuids.far.hpp">
      <Filter>Header Files</Filter>
    </ClInclude>
    <ClInclude Include="uuids.far.dialogs.hpp">
      <Filter>Header Files</Filter>
    </ClInclude>
    <ClInclude Include="uuids.plugins.hpp">
      <Filter>Header Files</Filter>
    </ClInclude>
    <ClInclude Include="lang.hpp">
      <Filter>Header Files</Filter>
    </ClInclude>
    <ClInclude Include="language.hpp">
      <Filter>Header Files</Filter>
    </ClInclude>
    <ClInclude Include="locale.hpp">
      <Filter>Header Files</Filter>
    </ClInclude>
    <ClInclude Include="lockscrn.hpp">
      <Filter>Header Files</Filter>
    </ClInclude>
    <ClInclude Include="log.hpp">
      <Filter>Header Files</Filter>
    </ClInclude>
    <ClInclude Include="macro.hpp">
      <Filter>Header Files</Filter>
    </ClInclude>
    <ClInclude Include="macroapi.hpp">
      <Filter>Header Files</Filter>
    </ClInclude>
    <ClInclude Include="macroopcode.hpp">
      <Filter>Header Files</Filter>
    </ClInclude>
    <ClInclude Include="macrovalues.hpp">
      <Filter>Header Files</Filter>
    </ClInclude>
    <ClInclude Include="manager.hpp">
      <Filter>Header Files</Filter>
    </ClInclude>
    <ClInclude Include="map_file.hpp">
      <Filter>Header Files</Filter>
    </ClInclude>
    <ClInclude Include="memcheck.hpp">
      <Filter>Header Files</Filter>
    </ClInclude>
    <ClInclude Include="menubar.hpp">
      <Filter>Header Files</Filter>
    </ClInclude>
    <ClInclude Include="message.hpp">
      <Filter>Header Files</Filter>
    </ClInclude>
    <ClInclude Include="mix.hpp">
      <Filter>Header Files</Filter>
    </ClInclude>
    <ClInclude Include="mkdir.hpp">
      <Filter>Header Files</Filter>
    </ClInclude>
    <ClInclude Include="modal.hpp">
      <Filter>Header Files</Filter>
    </ClInclude>
    <ClInclude Include="namelist.hpp">
      <Filter>Header Files</Filter>
    </ClInclude>
    <ClInclude Include="network.hpp">
      <Filter>Header Files</Filter>
    </ClInclude>
    <ClInclude Include="new_handler.hpp">
      <Filter>Header Files</Filter>
    </ClInclude>
    <ClInclude Include="notification.hpp">
      <Filter>Header Files</Filter>
    </ClInclude>
    <ClInclude Include="nsUniversalDetectorEx.hpp">
      <Filter>Header Files</Filter>
    </ClInclude>
    <ClInclude Include="palette.hpp">
      <Filter>Header Files</Filter>
    </ClInclude>
    <ClInclude Include="panel.hpp">
      <Filter>Header Files</Filter>
    </ClInclude>
    <ClInclude Include="panelctype.hpp">
      <Filter>Header Files</Filter>
    </ClInclude>
    <ClInclude Include="panelfwd.hpp">
      <Filter>Header Files</Filter>
    </ClInclude>
    <ClInclude Include="panelmix.hpp">
      <Filter>Header Files</Filter>
    </ClInclude>
    <ClInclude Include="pathmix.hpp">
      <Filter>Header Files</Filter>
    </ClInclude>
    <ClInclude Include="pipe.hpp">
      <Filter>Header Files</Filter>
    </ClInclude>
    <ClInclude Include="platform.chrono.hpp">
      <Filter>Header Files</Filter>
    </ClInclude>
    <ClInclude Include="platform.clipboard.hpp">
      <Filter>Header Files</Filter>
    </ClInclude>
    <ClInclude Include="platform.com.hpp">
      <Filter>Header Files</Filter>
    </ClInclude>
    <ClInclude Include="platform.concurrency.hpp">
      <Filter>Header Files</Filter>
    </ClInclude>
    <ClInclude Include="platform.debug.hpp">
      <Filter>Header Files</Filter>
    </ClInclude>
    <ClInclude Include="platform.env.hpp">
      <Filter>Header Files</Filter>
    </ClInclude>
    <ClInclude Include="platform.fs.hpp">
      <Filter>Header Files</Filter>
    </ClInclude>
    <ClInclude Include="platform.fwd.hpp">
      <Filter>Header Files</Filter>
    </ClInclude>
    <ClInclude Include="platform.hpp">
      <Filter>Header Files</Filter>
    </ClInclude>
    <ClInclude Include="platform.headers.hpp">
      <Filter>Header Files</Filter>
    </ClInclude>
    <ClInclude Include="platform.memory.hpp">
      <Filter>Header Files</Filter>
    </ClInclude>
    <ClInclude Include="platform.process.hpp">
      <Filter>Header Files</Filter>
    </ClInclude>
    <ClInclude Include="platform.reg.hpp">
      <Filter>Header Files</Filter>
    </ClInclude>
    <ClInclude Include="platform.security.hpp">
      <Filter>Header Files</Filter>
    </ClInclude>
    <ClInclude Include="platform.sdk.hpp">
      <Filter>Header Files</Filter>
    </ClInclude>
    <ClInclude Include="platform.sdk\sdk_common.h">
      <Filter>Header Files\platform.sdk</Filter>
    </ClInclude>
    <ClInclude Include="platform.sdk\sdk_vc.h">
      <Filter>Header Files\platform.sdk</Filter>
    </ClInclude>
    <ClInclude Include="platform.version.hpp">
      <Filter>Header Files</Filter>
    </ClInclude>
    <ClInclude Include="plclass.hpp">
      <Filter>Header Files</Filter>
    </ClInclude>
    <ClInclude Include="plist.hpp">
      <Filter>Header Files</Filter>
    </ClInclude>
    <ClInclude Include="plugapi.hpp">
      <Filter>Header Files</Filter>
    </ClInclude>
    <ClInclude Include="PluginA.hpp">
      <Filter>Header Files</Filter>
    </ClInclude>
    <ClInclude Include="pluginold.hpp">
      <Filter>Header Files</Filter>
    </ClInclude>
    <ClInclude Include="plugins.hpp">
      <Filter>Header Files</Filter>
    </ClInclude>
    <ClInclude Include="plugsettings.hpp">
      <Filter>Header Files</Filter>
    </ClInclude>
    <ClInclude Include="poscache.hpp">
      <Filter>Header Files</Filter>
    </ClInclude>
    <ClInclude Include="preservelongname.hpp">
      <Filter>Header Files</Filter>
    </ClInclude>
    <ClInclude Include="preservestyle.hpp">
      <Filter>Header Files</Filter>
    </ClInclude>
    <ClInclude Include="print.hpp">
      <Filter>Header Files</Filter>
    </ClInclude>
    <ClInclude Include="processname.hpp">
      <Filter>Header Files</Filter>
    </ClInclude>
    <ClInclude Include="qview.hpp">
      <Filter>Header Files</Filter>
    </ClInclude>
    <ClInclude Include="refreshwindowmanager.hpp">
      <Filter>Header Files</Filter>
    </ClInclude>
    <ClInclude Include="regex_helpers.hpp">
      <Filter>Header Files</Filter>
    </ClInclude>
    <ClInclude Include="RegExp.hpp">
      <Filter>Header Files</Filter>
    </ClInclude>
    <ClInclude Include="reparse_tags.hpp">
      <Filter>Header Files</Filter>
    </ClInclude>
    <ClInclude Include="res.hpp">
      <Filter>Header Files</Filter>
    </ClInclude>
    <ClInclude Include="savescr.hpp">
      <Filter>Header Files</Filter>
    </ClInclude>
    <ClInclude Include="scantree.hpp">
      <Filter>Header Files</Filter>
    </ClInclude>
    <ClInclude Include="scrbuf.hpp">
      <Filter>Header Files</Filter>
    </ClInclude>
    <ClInclude Include="scrobj.hpp">
      <Filter>Header Files</Filter>
    </ClInclude>
    <ClInclude Include="scrsaver.hpp">
      <Filter>Header Files</Filter>
    </ClInclude>
    <ClInclude Include="setattr.hpp">
      <Filter>Header Files</Filter>
    </ClInclude>
    <ClInclude Include="setcolor.hpp">
      <Filter>Header Files</Filter>
    </ClInclude>
    <ClInclude Include="shortcuts.hpp">
      <Filter>Header Files</Filter>
    </ClInclude>
    <ClInclude Include="sqlite.hpp">
      <Filter>Header Files</Filter>
    </ClInclude>
    <ClInclude Include="sqlitedb.hpp">
      <Filter>Header Files</Filter>
    </ClInclude>
    <ClInclude Include="stack_allocator.hpp">
      <Filter>Header Files</Filter>
    </ClInclude>
    <ClInclude Include="stddlg.hpp">
      <Filter>Header Files</Filter>
    </ClInclude>
    <ClInclude Include="string_sort.hpp">
      <Filter>Header Files</Filter>
    </ClInclude>
    <ClInclude Include="string_utils.hpp">
      <Filter>Header Files</Filter>
    </ClInclude>
    <ClInclude Include="strmix.hpp">
      <Filter>Header Files</Filter>
    </ClInclude>
    <ClInclude Include="taskbar.hpp">
      <Filter>Header Files</Filter>
    </ClInclude>
    <ClInclude Include="testing.hpp">
      <Filter>Header Files</Filter>
    </ClInclude>
    <ClInclude Include="tinyxml.hpp">
      <Filter>Header Files</Filter>
    </ClInclude>
    <ClInclude Include="tracer.hpp">
      <Filter>Header Files</Filter>
    </ClInclude>
    <ClInclude Include="transactional.hpp">
      <Filter>Header Files</Filter>
    </ClInclude>
    <ClInclude Include="treelist.hpp">
      <Filter>Header Files</Filter>
    </ClInclude>
    <ClInclude Include="tvar.hpp">
      <Filter>Header Files</Filter>
    </ClInclude>
    <ClInclude Include="usermenu.hpp">
      <Filter>Header Files</Filter>
    </ClInclude>
    <ClInclude Include="viewer.hpp">
      <Filter>Header Files</Filter>
    </ClInclude>
    <ClInclude Include="vmenu.hpp">
      <Filter>Header Files</Filter>
    </ClInclude>
    <ClInclude Include="vmenu2.hpp">
      <Filter>Header Files</Filter>
    </ClInclude>
    <ClInclude Include="wakeful.hpp">
      <Filter>Header Files</Filter>
    </ClInclude>
    <ClInclude Include="window.hpp">
      <Filter>Header Files</Filter>
    </ClInclude>
    <ClInclude Include="windowsfwd.hpp">
      <Filter>Header Files</Filter>
    </ClInclude>
    <ClInclude Include="wm_listener.hpp">
      <Filter>Header Files</Filter>
    </ClInclude>
    <ClInclude Include="xlat.hpp">
      <Filter>Header Files</Filter>
    </ClInclude>
  </ItemGroup>
  <ItemGroup>
    <None Include="*.ico">
      <Filter>Resource Files</Filter>
    </None>
    <None Include="farversion.m4">
      <Filter>Dependencies</Filter>
    </None>
    <None Include="headers.m4">
      <Filter>Dependencies</Filter>
    </None>
    <None Include="vbuild.m4">
      <Filter>Dependencies</Filter>
    </None>
    <None Include="far.natjmc" />
  </ItemGroup>
  <ItemGroup>
    <ResourceCompile Include="far.rc">
      <Filter>Resource Files</Filter>
    </ResourceCompile>
  </ItemGroup>
  <ItemGroup>
    <CustomBuild Include="$(BootstrapDir)farlang.templ">
      <Filter>Generated Files</Filter>
    </CustomBuild>
    <CustomBuild Include="copyright.inc.m4;Far.exe.manifest.m4;far.rc.inc.m4;farlang.templ.m4;farversion.inc.m4">
      <Filter>Dependencies</Filter>
    </CustomBuild>
    <CustomBuild Include="farcolor.hpp;plugin.hpp">
      <Filter>Header Files</Filter>
    </CustomBuild>
    <CustomBuild Include="File_id.diz.m4">
      <Filter>Dependencies</Filter>
    </CustomBuild>
    <CustomBuild Include="*.hlf.m4">
      <Filter>Dependencies</Filter>
    </CustomBuild>
    <CustomBuild Include="api_test.c">
      <Filter>Source Files</Filter>
    </CustomBuild>
  </ItemGroup>
  <ItemGroup>
    <MASM Include="vc_crt_fix.asm">
      <Filter>Source Files</Filter>
    </MASM>
  </ItemGroup>
  <ItemGroup>
    <Natvis Include="far.natvis" />
  </ItemGroup>
  <ItemGroup>
    <CopyFileToFolders Include="changelog" />
    <CopyFileToFolders Include="Far.exe.example.ini" />
  </ItemGroup>
</Project>