<?xml version="1.0" encoding="utf-8"?>
<Project ToolsVersion="4.0" xmlns="http://schemas.microsoft.com/developer/msbuild/2003">
  <ItemGroup>
    <Filter Include="Source Files">
      <UniqueIdentifier>{4FC737F1-C7A5-4376-A066-2A32D752A2FF}</UniqueIdentifier>
      <Extensions>cpp;c;cc;cxx;def;odl;idl;hpj;bat;asm;asmx</Extensions>
    </Filter>
    <Filter Include="Header Files">
      <UniqueIdentifier>{93995380-89BD-4b04-88EB-625FBE52EBFB}</UniqueIdentifier>
      <Extensions>h;hpp;hxx;hm;inl;inc;xsd</Extensions>
    </Filter>
    <Filter Include="Resource Files">
      <UniqueIdentifier>{67DA6AB6-F800-4c08-8B7A-83BB121AAD01}</UniqueIdentifier>
      <Extensions>rc;ico;cur;bmp;dlg;rc2;rct;bin;rgs;gif;jpg;jpeg;jpe;resx;tiff;tif;png;wav</Extensions>
    </Filter>
    <Filter Include="Language Files">
      <UniqueIdentifier>{e0c3d8b1-200a-4b8a-bb1a-2cd62d973c7d}</UniqueIdentifier>
    </Filter>
    <Filter Include="Help Files">
      <UniqueIdentifier>{79823776-c7c3-47eb-bf0e-5341f2864d34}</UniqueIdentifier>
    </Filter>
    <Filter Include="Reg Files">
      <UniqueIdentifier>{a308e3f1-7f41-4e64-a074-d0ca1f13dbde}</UniqueIdentifier>
    </Filter>
    <Filter Include="Text files">
      <UniqueIdentifier>{e0600574-7ed7-497f-962e-6944b0afc503}</UniqueIdentifier>
    </Filter>
  </ItemGroup>
  <ItemGroup>
    <None Include="FarFtp.vc.def">
      <Filter>Source Files</Filter>
    </None>
    <None Include="changelog" />
  </ItemGroup>
  <ItemGroup>
    <ClCompile Include="AskOver.cpp">
      <Filter>Source Files</Filter>
    </ClCompile>
    <ClCompile Include="Cfg.cpp">
      <Filter>Source Files</Filter>
    </ClCompile>
    <ClCompile Include="CmdLine.cpp">
      <Filter>Source Files</Filter>
    </ClCompile>
    <ClCompile Include="cnDownload.cpp">
      <Filter>Source Files</Filter>
    </ClCompile>
    <ClCompile Include="cnInit.cpp">
      <Filter>Source Files</Filter>
    </ClCompile>
    <ClCompile Include="cnUpload.cpp">
      <Filter>Source Files</Filter>
    </ClCompile>
    <ClCompile Include="Connect.cpp">
      <Filter>Source Files</Filter>
    </ClCompile>
    <ClCompile Include="ConnectCmds.cpp">
      <Filter>Source Files</Filter>
    </ClCompile>
    <ClCompile Include="ConnectIO.cpp">
      <Filter>Source Files</Filter>
    </ClCompile>
    <ClCompile Include="ConnectMain.cpp">
      <Filter>Source Files</Filter>
    </ClCompile>
    <ClCompile Include="ConnectNB.cpp">
      <Filter>Source Files</Filter>
    </ClCompile>
    <ClCompile Include="ConnectSock.cpp">
      <Filter>Source Files</Filter>
    </ClCompile>
    <ClCompile Include="DeleteFile.cpp">
      <Filter>Source Files</Filter>
    </ClCompile>
    <ClCompile Include="EnumHost.cpp">
      <Filter>Source Files</Filter>
    </ClCompile>
    <ClCompile Include="Event.cpp">
      <Filter>Source Files</Filter>
    </ClCompile>
    <ClCompile Include="FAR.cpp">
      <Filter>Source Files</Filter>
    </ClCompile>
    <ClCompile Include="FGet.cpp">
      <Filter>Source Files</Filter>
    </ClCompile>
    <ClCompile Include="FileList.cpp">
      <Filter>Source Files</Filter>
    </ClCompile>
    <ClCompile Include="FPut.cpp">
      <Filter>Source Files</Filter>
    </ClCompile>
    <ClCompile Include="Ftp.cpp">
      <Filter>Source Files</Filter>
    </ClCompile>
    <ClCompile Include="FtpAPI.cpp">
      <Filter>Source Files</Filter>
    </ClCompile>
    <ClCompile Include="FTPBlock.cpp">
      <Filter>Source Files</Filter>
    </ClCompile>
    <ClCompile Include="FTPConnect.cpp">
      <Filter>Source Files</Filter>
    </ClCompile>
    <ClCompile Include="FtpDlg.cpp">
      <Filter>Source Files</Filter>
    </ClCompile>
    <ClCompile Include="FTPHost.cpp">
      <Filter>Source Files</Filter>
    </ClCompile>
    <ClCompile Include="fUtils.cpp">
      <Filter>Source Files</Filter>
    </ClCompile>
    <ClCompile Include="GetOpenInfo.cpp">
      <Filter>Source Files</Filter>
    </ClCompile>
    <ClCompile Include="HGet.cpp">
      <Filter>Source Files</Filter>
    </ClCompile>
    <ClCompile Include="HPut.cpp">
      <Filter>Source Files</Filter>
    </ClCompile>
    <ClCompile Include="JM.cpp">
      <Filter>Source Files</Filter>
    </ClCompile>
    <ClCompile Include="Key.cpp">
      <Filter>Source Files</Filter>
    </ClCompile>
    <ClCompile Include="MakeDir.cpp">
      <Filter>Source Files</Filter>
    </ClCompile>
    <ClCompile Include="Mem.cpp">
      <Filter>Source Files</Filter>
    </ClCompile>
    <ClCompile Include="Mix.cpp">
      <Filter>Source Files</Filter>
    </ClCompile>
    <ClCompile Include="Plugin.cpp">
      <Filter>Source Files</Filter>
    </ClCompile>
    <ClCompile Include="Queque.cpp">
      <Filter>Source Files</Filter>
    </ClCompile>
    <ClCompile Include="SetDir.cpp">
      <Filter>Source Files</Filter>
    </ClCompile>
    <ClCompile Include="Shortcut.cpp">
      <Filter>Source Files</Filter>
    </ClCompile>
    <ClCompile Include="sock.cpp">
      <Filter>Source Files</Filter>
    </ClCompile>
    <ClCompile Include="Url.cpp">
      <Filter>Source Files</Filter>
    </ClCompile>
  </ItemGroup>
  <ItemGroup>
    <ClInclude Include="Cfg.h">
      <Filter>Header Files</Filter>
    </ClInclude>
    <ClInclude Include="Connect.h">
      <Filter>Header Files</Filter>
    </ClInclude>
    <ClInclude Include="Ftp.h">
      <Filter>Header Files</Filter>
    </ClInclude>
    <ClInclude Include="FtpAPI.h">
      <Filter>Header Files</Filter>
    </ClInclude>
    <ClInclude Include="Int.h">
      <Filter>Header Files</Filter>
    </ClInclude>
    <ClInclude Include="JM.h">
      <Filter>Header Files</Filter>
    </ClInclude>
    <ClInclude Include="Plugins.h">
      <Filter>Header Files</Filter>
    </ClInclude>
    <ClInclude Include="pwd.h">
      <Filter>Header Files</Filter>
    </ClInclude>
    <ClInclude Include="var.h">
      <Filter>Header Files</Filter>
    </ClInclude>
  </ItemGroup>
  <ItemGroup>
    <ResourceCompile Include="FarFtp.rc">
      <Filter>Resource Files</Filter>
    </ResourceCompile>
  </ItemGroup>
  <ItemGroup>
    <CustomBuild Include="FtpBel.lng">
      <Filter>Language Files</Filter>
    </CustomBuild>
    <CustomBuild Include="FtpEng.lng">
      <Filter>Language Files</Filter>
    </CustomBuild>
    <CustomBuild Include="FtpRus.lng">
      <Filter>Language Files</Filter>
    </CustomBuild>
    <CustomBuild Include="FtpEng.hlf">
      <Filter>Help Files</Filter>
    </CustomBuild>
    <CustomBuild Include="FtpRus.hlf">
      <Filter>Help Files</Filter>
    </CustomBuild>
    <CustomBuild Include="FtpPol.hlf">
      <Filter>Help Files</Filter>
    </CustomBuild>
    <CustomBuild Include="FtpIta.lng">
      <Filter>Language Files</Filter>
    </CustomBuild>
    <CustomBuild Include="FtpPol.lng">
      <Filter>Language Files</Filter>
    </CustomBuild>
    <CustomBuild Include="TechInfo.reg">
      <Filter>Reg Files</Filter>
    </CustomBuild>
    <CustomBuild Include="TechInfo_rus.reg">
      <Filter>Reg Files</Filter>
    </CustomBuild>
    <CustomBuild Include="FtpCmds.txt">
      <Filter>Text files</Filter>
    </CustomBuild>
    <CustomBuild Include="FtpCmds_rus.txt">
      <Filter>Text files</Filter>
    </CustomBuild>
    <CustomBuild Include="Notes.txt">
      <Filter>Text files</Filter>
    </CustomBuild>
    <CustomBuild Include="Notes_rus.txt">
      <Filter>Text files</Filter>
    </CustomBuild>
  </ItemGroup>
</Project>